// !$*UTF8*$!
{
	archiveVersion = 1;
	classes = {
	};
	objectVersion = 77;
	objects = {

/* Begin PBXBuildFile section */
		1940B8AEC1AB4FEFB0502BB1 /* ParticleEmitter.swift in Sources */ = {isa = PBXBuildFile; fileRef = 4BA8F587CBBE40A7AE326E59 /* ParticleEmitter.swift */; };
		20E245BE5EAE484491F49B91 /* PhysicsNumberCounter.swift in Sources */ = {isa = PBXBuildFile; fileRef = 8EAC25CEE64C4491888399CC /* PhysicsNumberCounter.swift */; };
		5D5258EEEB314574BEF819C1 /* PhysicsNumberCounterTests.swift in Sources */ = {isa = PBXBuildFile; fileRef = 084FD9D1317A4DC4ADB27F76 /* PhysicsNumberCounterTests.swift */; };
		A950EEE6F51C48D69EDBD756 /* ParticleEmitterTests.swift in Sources */ = {isa = PBXBuildFile; fileRef = 364968FAFDEE41039BB7E012 /* ParticleEmitterTests.swift */; };
		E11447732EAE8AFC00060A67 /* Help.md in Resources */ = {isa = PBXBuildFile; fileRef = E114476C2EAE8AFC00060A67 /* Help.md */; };
		E114481D2EAE8AFC00060A67 /* TESTS 2.md in Resources */ = {isa = PBXBuildFile; fileRef = E114481B2EAE8AFC00060A67 /* TESTS 2.md */; };
		E11448572EB03E6300060A67 /* README.md in Resources */ = {isa = PBXBuildFile; fileRef = E11448562EB03E6300060A67 /* README.md */; };
		E15E497F2EF1A329004A2129 /* WidgetKit.framework in Frameworks */ = {isa = PBXBuildFile; fileRef = E15E497E2EF1A329004A2129 /* WidgetKit.framework */; };
		E15E49812EF1A329004A2129 /* SwiftUI.framework in Frameworks */ = {isa = PBXBuildFile; fileRef = E15E49802EF1A329004A2129 /* SwiftUI.framework */; };
		E15E498E2EF1A32B004A2129 /* FinPessoalWidgetsExtension.appex in Embed Foundation Extensions */ = {isa = PBXBuildFile; fileRef = E15E497C2EF1A329004A2129 /* FinPessoalWidgetsExtension.appex */; settings = {ATTRIBUTES = (RemoveHeadersOnCopy, ); }; };
		E15E49A22EF22B9E004A2129 /* TransactionSummary.swift in Sources */ = {isa = PBXBuildFile; fileRef = E15E499B2EF22B9E004A2129 /* TransactionSummary.swift */; };
		E15E49A32EF22B9E004A2129 /* BudgetSummary.swift in Sources */ = {isa = PBXBuildFile; fileRef = E15E49982EF22B9E004A2129 /* BudgetSummary.swift */; };
		E15E49A42EF22B9E004A2129 /* SharedDataManager.swift in Sources */ = {isa = PBXBuildFile; fileRef = E15E499E2EF22B9E004A2129 /* SharedDataManager.swift */; };
		E15E49A52EF22B9E004A2129 /* WidgetDataProvider.swift in Sources */ = {isa = PBXBuildFile; fileRef = E15E499F2EF22B9E004A2129 /* WidgetDataProvider.swift */; };
		E15E49A62EF22B9E004A2129 /* AccountSummary.swift in Sources */ = {isa = PBXBuildFile; fileRef = E15E49962EF22B9E004A2129 /* AccountSummary.swift */; };
		E15E49A72EF22B9E004A2129 /* CardSummary.swift in Sources */ = {isa = PBXBuildFile; fileRef = E15E49992EF22B9E004A2129 /* CardSummary.swift */; };
		E15E49A82EF22B9E004A2129 /* WidgetData.swift in Sources */ = {isa = PBXBuildFile; fileRef = E15E499C2EF22B9E004A2129 /* WidgetData.swift */; };
		E15E49A92EF22B9E004A2129 /* GoalSummary.swift in Sources */ = {isa = PBXBuildFile; fileRef = E15E499A2EF22B9E004A2129 /* GoalSummary.swift */; };
		E15E49AA2EF22B9E004A2129 /* BillSummary.swift in Sources */ = {isa = PBXBuildFile; fileRef = E15E49972EF22B9E004A2129 /* BillSummary.swift */; };
		E15E49AB2EF22B9E004A2129 /* TransactionSummary.swift in Sources */ = {isa = PBXBuildFile; fileRef = E15E499B2EF22B9E004A2129 /* TransactionSummary.swift */; };
		E15E49AC2EF22B9E004A2129 /* BudgetSummary.swift in Sources */ = {isa = PBXBuildFile; fileRef = E15E49982EF22B9E004A2129 /* BudgetSummary.swift */; };
		E15E49AD2EF22B9E004A2129 /* SharedDataManager.swift in Sources */ = {isa = PBXBuildFile; fileRef = E15E499E2EF22B9E004A2129 /* SharedDataManager.swift */; };
		E15E49AF2EF22B9E004A2129 /* AccountSummary.swift in Sources */ = {isa = PBXBuildFile; fileRef = E15E49962EF22B9E004A2129 /* AccountSummary.swift */; };
		E15E49B02EF22B9E004A2129 /* CardSummary.swift in Sources */ = {isa = PBXBuildFile; fileRef = E15E49992EF22B9E004A2129 /* CardSummary.swift */; };
		E15E49B12EF22B9E004A2129 /* WidgetData.swift in Sources */ = {isa = PBXBuildFile; fileRef = E15E499C2EF22B9E004A2129 /* WidgetData.swift */; };
		E15E49B22EF22B9E004A2129 /* GoalSummary.swift in Sources */ = {isa = PBXBuildFile; fileRef = E15E499A2EF22B9E004A2129 /* GoalSummary.swift */; };
		E15E49B32EF22B9E004A2129 /* BillSummary.swift in Sources */ = {isa = PBXBuildFile; fileRef = E15E49972EF22B9E004A2129 /* BillSummary.swift */; };
		E15E49E52EF38ADD004A2129 /* ActivityAttributes.swift in Sources */ = {isa = PBXBuildFile; fileRef = E15E49E42EF38ADD004A2129 /* ActivityAttributes.swift */; };
		E15E49E62EF38ADD004A2129 /* ActivityAttributes.swift in Sources */ = {isa = PBXBuildFile; fileRef = E15E49E42EF38ADD004A2129 /* ActivityAttributes.swift */; };
		E15E49F62EF4CF9C004A2129 /* Roadmap.md in Resources */ = {isa = PBXBuildFile; fileRef = E15E49F32EF4CF9C004A2129 /* Roadmap.md */; };
		E15E49F72EF4CF9C004A2129 /* LOCALIZATION_FIX_SUMMARY.md in Resources */ = {isa = PBXBuildFile; fileRef = E15E49F12EF4CF9C004A2129 /* LOCALIZATION_FIX_SUMMARY.md */; };
		E15E49F82EF4CF9C004A2129 /* 2025-12-16-widgets-design.md in Resources */ = {isa = PBXBuildFile; fileRef = E15E49E82EF4CF9C004A2129 /* 2025-12-16-widgets-design.md */; };
		E15E49F92EF4CF9C004A2129 /* MAC_IMPLEMENTATION_GUIDE.md in Resources */ = {isa = PBXBuildFile; fileRef = E15E49F22EF4CF9C004A2129 /* MAC_IMPLEMENTATION_GUIDE.md */; };
		E15E49FA2EF4CF9C004A2129 /* ACCESSIBILITY_TESTING_CHECKLIST.md in Resources */ = {isa = PBXBuildFile; fileRef = E15E49EC2EF4CF9C004A2129 /* ACCESSIBILITY_TESTING_CHECKLIST.md */; };
		E15E49FB2EF4CF9C004A2129 /* TESTS.md in Resources */ = {isa = PBXBuildFile; fileRef = E15E49F42EF4CF9C004A2129 /* TESTS.md */; };
		E15E49FC2EF4CF9C004A2129 /* AI_ML_IMPLEMENTATION.md in Resources */ = {isa = PBXBuildFile; fileRef = E15E49ED2EF4CF9C004A2129 /* AI_ML_IMPLEMENTATION.md */; };
		E15E49FD2EF4CF9C004A2129 /* ACCESSIBILITY_GUIDELINES.md in Resources */ = {isa = PBXBuildFile; fileRef = E15E49EB2EF4CF9C004A2129 /* ACCESSIBILITY_GUIDELINES.md */; };
		E15E49FE2EF4CF9C004A2129 /* ALL_ENVIRONMENT_OBJECT_FIXES.md in Resources */ = {isa = PBXBuildFile; fileRef = E15E49EE2EF4CF9C004A2129 /* ALL_ENVIRONMENT_OBJECT_FIXES.md */; };
		E15E49FF2EF4CF9C004A2129 /* INSIGHTS_IMPLEMENTATION.md in Resources */ = {isa = PBXBuildFile; fileRef = E15E49F02EF4CF9C004A2129 /* INSIGHTS_IMPLEMENTATION.md */; };
		E15E4A002EF4CF9C004A2129 /* 2025-12-16-widgets-implementation.md in Resources */ = {isa = PBXBuildFile; fileRef = E15E49E92EF4CF9C004A2129 /* 2025-12-16-widgets-implementation.md */; };
		E15E4A012EF4CF9C004A2129 /* ENVIRONMENT_OBJECT_FIX.md in Resources */ = {isa = PBXBuildFile; fileRef = E15E49EF2EF4CF9C004A2129 /* ENVIRONMENT_OBJECT_FIX.md */; };
		E15E4A0A2EF4DB3B004A2129 /* WidgetColors.swift in Sources */ = {isa = PBXBuildFile; fileRef = E15E4A092EF4DB3B004A2129 /* WidgetColors.swift */; };
		E15E4A0B2EF4DB3B004A2129 /* WidgetColors.swift in Sources */ = {isa = PBXBuildFile; fileRef = E15E4A092EF4DB3B004A2129 /* WidgetColors.swift */; };
		E177698F2E3E4D1D0028E21B /* FirebaseAI in Frameworks */ = {isa = PBXBuildFile; productRef = E177698E2E3E4D1D0028E21B /* FirebaseAI */; };
		E17769912E3E4D1D0028E21B /* FirebaseAnalytics in Frameworks */ = {isa = PBXBuildFile; productRef = E17769902E3E4D1D0028E21B /* FirebaseAnalytics */; };
		E17769932E3E4D1D0028E21B /* FirebaseAnalyticsCore in Frameworks */ = {isa = PBXBuildFile; productRef = E17769922E3E4D1D0028E21B /* FirebaseAnalyticsCore */; };
		E17769952E3E4D1D0028E21B /* FirebaseAnalyticsIdentitySupport in Frameworks */ = {isa = PBXBuildFile; productRef = E17769942E3E4D1D0028E21B /* FirebaseAnalyticsIdentitySupport */; };
		E17769972E3E4D1D0028E21B /* FirebaseAppCheck in Frameworks */ = {isa = PBXBuildFile; productRef = E17769962E3E4D1D0028E21B /* FirebaseAppCheck */; };
		E17769992E3E4D1D0028E21B /* FirebaseAppDistribution-Beta in Frameworks */ = {isa = PBXBuildFile; productRef = E17769982E3E4D1D0028E21B /* FirebaseAppDistribution-Beta */; };
		E177699B2E3E4D1D0028E21B /* FirebaseAuth in Frameworks */ = {isa = PBXBuildFile; productRef = E177699A2E3E4D1D0028E21B /* FirebaseAuth */; };
		E177699D2E3E4D1D0028E21B /* FirebaseAuthCombine-Community in Frameworks */ = {isa = PBXBuildFile; productRef = E177699C2E3E4D1D0028E21B /* FirebaseAuthCombine-Community */; };
		E177699F2E3E4D1D0028E21B /* FirebaseCore in Frameworks */ = {isa = PBXBuildFile; productRef = E177699E2E3E4D1D0028E21B /* FirebaseCore */; };
		E17769A12E3E4D1D0028E21B /* FirebaseCrashlytics in Frameworks */ = {isa = PBXBuildFile; productRef = E17769A02E3E4D1D0028E21B /* FirebaseCrashlytics */; };
		E17769A32E3E4D1D0028E21B /* FirebaseDatabase in Frameworks */ = {isa = PBXBuildFile; productRef = E17769A22E3E4D1D0028E21B /* FirebaseDatabase */; };
		E17769A52E3E4D1D0028E21B /* FirebaseFirestore in Frameworks */ = {isa = PBXBuildFile; productRef = E17769A42E3E4D1D0028E21B /* FirebaseFirestore */; };
		E17769A72E3E4D1D0028E21B /* FirebaseFirestoreCombine-Community in Frameworks */ = {isa = PBXBuildFile; productRef = E17769A62E3E4D1D0028E21B /* FirebaseFirestoreCombine-Community */; };
		E17769A92E3E4D1D0028E21B /* FirebaseFunctions in Frameworks */ = {isa = PBXBuildFile; productRef = E17769A82E3E4D1D0028E21B /* FirebaseFunctions */; };
		E17769AB2E3E4D1D0028E21B /* FirebaseFunctionsCombine-Community in Frameworks */ = {isa = PBXBuildFile; productRef = E17769AA2E3E4D1D0028E21B /* FirebaseFunctionsCombine-Community */; };
		E17769AD2E3E4D1D0028E21B /* FirebaseInAppMessaging-Beta in Frameworks */ = {isa = PBXBuildFile; productRef = E17769AC2E3E4D1D0028E21B /* FirebaseInAppMessaging-Beta */; };
		E17769AF2E3E4D1D0028E21B /* FirebaseInstallations in Frameworks */ = {isa = PBXBuildFile; productRef = E17769AE2E3E4D1D0028E21B /* FirebaseInstallations */; };
		E17769B12E3E4D1D0028E21B /* FirebaseMLModelDownloader in Frameworks */ = {isa = PBXBuildFile; productRef = E17769B02E3E4D1D0028E21B /* FirebaseMLModelDownloader */; };
		E17769B32E3E4D1D0028E21B /* FirebaseMessaging in Frameworks */ = {isa = PBXBuildFile; productRef = E17769B22E3E4D1D0028E21B /* FirebaseMessaging */; };
		E17769B52E3E4D1D0028E21B /* FirebasePerformance in Frameworks */ = {isa = PBXBuildFile; productRef = E17769B42E3E4D1D0028E21B /* FirebasePerformance */; };
		E17769B72E3E4D1D0028E21B /* FirebaseRemoteConfig in Frameworks */ = {isa = PBXBuildFile; productRef = E17769B62E3E4D1D0028E21B /* FirebaseRemoteConfig */; };
		E17769B92E3E4D1D0028E21B /* FirebaseStorage in Frameworks */ = {isa = PBXBuildFile; productRef = E17769B82E3E4D1D0028E21B /* FirebaseStorage */; };
		E17769BB2E3E4D1D0028E21B /* FirebaseStorageCombine-Community in Frameworks */ = {isa = PBXBuildFile; productRef = E17769BA2E3E4D1D0028E21B /* FirebaseStorageCombine-Community */; };
		E1776A212E3E51BE0028E21B /* .swiftlint.yml in Resources */ = {isa = PBXBuildFile; fileRef = E1776A202E3E51BE0028E21B /* .swiftlint.yml */; };
		E17E72992E3EE128003A7FF0 /* GoogleSignIn in Frameworks */ = {isa = PBXBuildFile; productRef = E17E72982E3EE128003A7FF0 /* GoogleSignIn */; };
		E17E729B2E3EE128003A7FF0 /* GoogleSignInSwift in Frameworks */ = {isa = PBXBuildFile; productRef = E17E729A2E3EE128003A7FF0 /* GoogleSignInSwift */; };
		E191F5132E9C65D2002DB0A9 /* CHANGELOG.md in Resources */ = {isa = PBXBuildFile; fileRef = E191F5122E9C65D2002DB0A9 /* CHANGELOG.md */; };
		E1E8F1D02E4D609B00FFD30F /* MockLogin.md in Resources */ = {isa = PBXBuildFile; fileRef = E1E8F1CF2E4D609B00FFD30F /* MockLogin.md */; };
/* End PBXBuildFile section */

/* Begin PBXContainerItemProxy section */
		E15E498C2EF1A32B004A2129 /* PBXContainerItemProxy */ = {
			isa = PBXContainerItemProxy;
			containerPortal = E17769752E3E4AFF0028E21B /* Project object */;
			proxyType = 1;
			remoteGlobalIDString = E15E497B2EF1A329004A2129;
			remoteInfo = FinPessoalWidgetsExtension;
		};
		E1C2B6AF2E66550900972780 /* PBXContainerItemProxy */ = {
			isa = PBXContainerItemProxy;
			containerPortal = E17769752E3E4AFF0028E21B /* Project object */;
			proxyType = 1;
			remoteGlobalIDString = E177697C2E3E4AFF0028E21B;
			remoteInfo = FinPessoal;
		};
		E1C2B6BE2E66553100972780 /* PBXContainerItemProxy */ = {
			isa = PBXContainerItemProxy;
			containerPortal = E17769752E3E4AFF0028E21B /* Project object */;
			proxyType = 1;
			remoteGlobalIDString = E177697C2E3E4AFF0028E21B;
			remoteInfo = FinPessoal;
		};
/* End PBXContainerItemProxy section */

/* Begin PBXCopyFilesBuildPhase section */
		E15E498F2EF1A32B004A2129 /* Embed Foundation Extensions */ = {
			isa = PBXCopyFilesBuildPhase;
			buildActionMask = 2147483647;
			dstPath = "";
			dstSubfolderSpec = 13;
			files = (
				E15E498E2EF1A32B004A2129 /* FinPessoalWidgetsExtension.appex in Embed Foundation Extensions */,
			);
			name = "Embed Foundation Extensions";
			runOnlyForDeploymentPostprocessing = 0;
		};
/* End PBXCopyFilesBuildPhase section */

/* Begin PBXFileReference section */
		084FD9D1317A4DC4ADB27F76 /* PhysicsNumberCounterTests.swift */ = {isa = PBXFileReference; lastKnownFileType = sourcecode.swift; name = PhysicsNumberCounterTests.swift; path = FinPessoalTests/Animation/PhysicsNumberCounterTests.swift; sourceTree = SOURCE_ROOT; };
		364968FAFDEE41039BB7E012 /* ParticleEmitterTests.swift */ = {isa = PBXFileReference; lastKnownFileType = sourcecode.swift; name = ParticleEmitterTests.swift; path = FinPessoalTests/Animation/ParticleEmitterTests.swift; sourceTree = SOURCE_ROOT; };
		4BA8F587CBBE40A7AE326E59 /* ParticleEmitter.swift */ = {isa = PBXFileReference; lastKnownFileType = sourcecode.swift; name = ParticleEmitter.swift; path = FinPessoal/Code/Animation/Components/ParticleEmitter.swift; sourceTree = SOURCE_ROOT; };
		8EAC25CEE64C4491888399CC /* PhysicsNumberCounter.swift */ = {isa = PBXFileReference; lastKnownFileType = sourcecode.swift; name = PhysicsNumberCounter.swift; path = FinPessoal/Code/Animation/Components/PhysicsNumberCounter.swift; sourceTree = SOURCE_ROOT; };
		E114476C2EAE8AFC00060A67 /* Help.md */ = {isa = PBXFileReference; lastKnownFileType = net.daringfireball.markdown; path = Help.md; sourceTree = "<group>"; };
		E114481B2EAE8AFC00060A67 /* TESTS 2.md */ = {isa = PBXFileReference; lastKnownFileType = net.daringfireball.markdown; path = "TESTS 2.md"; sourceTree = "<group>"; };
		E11448562EB03E6300060A67 /* README.md */ = {isa = PBXFileReference; lastKnownFileType = net.daringfireball.markdown; path = README.md; sourceTree = "<group>"; };
		E15E497C2EF1A329004A2129 /* FinPessoalWidgetsExtension.appex */ = {isa = PBXFileReference; explicitFileType = "wrapper.app-extension"; includeInIndex = 0; path = FinPessoalWidgetsExtension.appex; sourceTree = BUILT_PRODUCTS_DIR; };
		E15E497E2EF1A329004A2129 /* WidgetKit.framework */ = {isa = PBXFileReference; lastKnownFileType = wrapper.framework; name = WidgetKit.framework; path = System/Library/Frameworks/WidgetKit.framework; sourceTree = SDKROOT; };
		E15E49802EF1A329004A2129 /* SwiftUI.framework */ = {isa = PBXFileReference; lastKnownFileType = wrapper.framework; name = SwiftUI.framework; path = System/Library/Frameworks/SwiftUI.framework; sourceTree = SDKROOT; };
		E15E49952EF1A3CE004A2129 /* FinPessoalWidgetsExtension.entitlements */ = {isa = PBXFileReference; lastKnownFileType = text.plist.entitlements; path = FinPessoalWidgetsExtension.entitlements; sourceTree = "<group>"; };
		E15E49962EF22B9E004A2129 /* AccountSummary.swift */ = {isa = PBXFileReference; lastKnownFileType = sourcecode.swift; path = AccountSummary.swift; sourceTree = "<group>"; };
		E15E49972EF22B9E004A2129 /* BillSummary.swift */ = {isa = PBXFileReference; lastKnownFileType = sourcecode.swift; path = BillSummary.swift; sourceTree = "<group>"; };
		E15E49982EF22B9E004A2129 /* BudgetSummary.swift */ = {isa = PBXFileReference; lastKnownFileType = sourcecode.swift; path = BudgetSummary.swift; sourceTree = "<group>"; };
		E15E49992EF22B9E004A2129 /* CardSummary.swift */ = {isa = PBXFileReference; lastKnownFileType = sourcecode.swift; path = CardSummary.swift; sourceTree = "<group>"; };
		E15E499A2EF22B9E004A2129 /* GoalSummary.swift */ = {isa = PBXFileReference; lastKnownFileType = sourcecode.swift; path = GoalSummary.swift; sourceTree = "<group>"; };
		E15E499B2EF22B9E004A2129 /* TransactionSummary.swift */ = {isa = PBXFileReference; lastKnownFileType = sourcecode.swift; path = TransactionSummary.swift; sourceTree = "<group>"; };
		E15E499C2EF22B9E004A2129 /* WidgetData.swift */ = {isa = PBXFileReference; lastKnownFileType = sourcecode.swift; path = WidgetData.swift; sourceTree = "<group>"; };
		E15E499E2EF22B9E004A2129 /* SharedDataManager.swift */ = {isa = PBXFileReference; lastKnownFileType = sourcecode.swift; path = SharedDataManager.swift; sourceTree = "<group>"; };
		E15E499F2EF22B9E004A2129 /* WidgetDataProvider.swift */ = {isa = PBXFileReference; lastKnownFileType = sourcecode.swift; path = WidgetDataProvider.swift; sourceTree = "<group>"; };
		E15E49E42EF38ADD004A2129 /* ActivityAttributes.swift */ = {isa = PBXFileReference; lastKnownFileType = sourcecode.swift; path = ActivityAttributes.swift; sourceTree = "<group>"; };
		E15E49E82EF4CF9C004A2129 /* 2025-12-16-widgets-design.md */ = {isa = PBXFileReference; lastKnownFileType = net.daringfireball.markdown; path = "2025-12-16-widgets-design.md"; sourceTree = "<group>"; };
		E15E49E92EF4CF9C004A2129 /* 2025-12-16-widgets-implementation.md */ = {isa = PBXFileReference; lastKnownFileType = net.daringfireball.markdown; path = "2025-12-16-widgets-implementation.md"; sourceTree = "<group>"; };
		E15E49EB2EF4CF9C004A2129 /* ACCESSIBILITY_GUIDELINES.md */ = {isa = PBXFileReference; lastKnownFileType = net.daringfireball.markdown; path = ACCESSIBILITY_GUIDELINES.md; sourceTree = "<group>"; };
		E15E49EC2EF4CF9C004A2129 /* ACCESSIBILITY_TESTING_CHECKLIST.md */ = {isa = PBXFileReference; lastKnownFileType = net.daringfireball.markdown; path = ACCESSIBILITY_TESTING_CHECKLIST.md; sourceTree = "<group>"; };
		E15E49ED2EF4CF9C004A2129 /* AI_ML_IMPLEMENTATION.md */ = {isa = PBXFileReference; lastKnownFileType = net.daringfireball.markdown; path = AI_ML_IMPLEMENTATION.md; sourceTree = "<group>"; };
		E15E49EE2EF4CF9C004A2129 /* ALL_ENVIRONMENT_OBJECT_FIXES.md */ = {isa = PBXFileReference; lastKnownFileType = net.daringfireball.markdown; path = ALL_ENVIRONMENT_OBJECT_FIXES.md; sourceTree = "<group>"; };
		E15E49EF2EF4CF9C004A2129 /* ENVIRONMENT_OBJECT_FIX.md */ = {isa = PBXFileReference; lastKnownFileType = net.daringfireball.markdown; path = ENVIRONMENT_OBJECT_FIX.md; sourceTree = "<group>"; };
		E15E49F02EF4CF9C004A2129 /* INSIGHTS_IMPLEMENTATION.md */ = {isa = PBXFileReference; lastKnownFileType = net.daringfireball.markdown; path = INSIGHTS_IMPLEMENTATION.md; sourceTree = "<group>"; };
		E15E49F12EF4CF9C004A2129 /* LOCALIZATION_FIX_SUMMARY.md */ = {isa = PBXFileReference; lastKnownFileType = net.daringfireball.markdown; path = LOCALIZATION_FIX_SUMMARY.md; sourceTree = "<group>"; };
		E15E49F22EF4CF9C004A2129 /* MAC_IMPLEMENTATION_GUIDE.md */ = {isa = PBXFileReference; lastKnownFileType = net.daringfireball.markdown; path = MAC_IMPLEMENTATION_GUIDE.md; sourceTree = "<group>"; };
		E15E49F32EF4CF9C004A2129 /* Roadmap.md */ = {isa = PBXFileReference; lastKnownFileType = net.daringfireball.markdown; path = Roadmap.md; sourceTree = "<group>"; };
		E15E49F42EF4CF9C004A2129 /* TESTS.md */ = {isa = PBXFileReference; lastKnownFileType = net.daringfireball.markdown; path = TESTS.md; sourceTree = "<group>"; };
		E15E4A092EF4DB3B004A2129 /* WidgetColors.swift */ = {isa = PBXFileReference; lastKnownFileType = sourcecode.swift; path = WidgetColors.swift; sourceTree = "<group>"; };
		E177697D2E3E4AFF0028E21B /* FinPessoal.app */ = {isa = PBXFileReference; explicitFileType = wrapper.application; includeInIndex = 0; path = FinPessoal.app; sourceTree = BUILT_PRODUCTS_DIR; };
		E1776A202E3E51BE0028E21B /* .swiftlint.yml */ = {isa = PBXFileReference; lastKnownFileType = text.yaml; path = .swiftlint.yml; sourceTree = "<group>"; };
		E191F5122E9C65D2002DB0A9 /* CHANGELOG.md */ = {isa = PBXFileReference; lastKnownFileType = net.daringfireball.markdown; path = CHANGELOG.md; sourceTree = "<group>"; };
		E1C2B6AB2E66550900972780 /* FinPessoalTests.xctest */ = {isa = PBXFileReference; explicitFileType = wrapper.cfbundle; includeInIndex = 0; path = FinPessoalTests.xctest; sourceTree = BUILT_PRODUCTS_DIR; };
		E1C2B6B82E66553100972780 /* FinPessoalUITests.xctest */ = {isa = PBXFileReference; explicitFileType = wrapper.cfbundle; includeInIndex = 0; path = FinPessoalUITests.xctest; sourceTree = BUILT_PRODUCTS_DIR; };
		E1E8F1CF2E4D609B00FFD30F /* MockLogin.md */ = {isa = PBXFileReference; lastKnownFileType = net.daringfireball.markdown; path = MockLogin.md; sourceTree = "<group>"; };
/* End PBXFileReference section */

/* Begin PBXFileSystemSynchronizedBuildFileExceptionSet section */
		E15E49932EF1A32B004A2129 /* Exceptions for "FinPessoalWidgets" folder in "FinPessoalWidgetsExtension" target */ = {
			isa = PBXFileSystemSynchronizedBuildFileExceptionSet;
			membershipExceptions = (
				Info.plist,
			);
			target = E15E497B2EF1A329004A2129 /* FinPessoalWidgetsExtension */;
		};
		E1BE50762E5E89DE00AD2171 /* Exceptions for "FinPessoal" folder in "FinPessoal" target */ = {
			isa = PBXFileSystemSynchronizedBuildFileExceptionSet;
			membershipExceptions = (
				Info.plist,
			);
			target = E177697C2E3E4AFF0028E21B /* FinPessoal */;
		};
/* End PBXFileSystemSynchronizedBuildFileExceptionSet section */

/* Begin PBXFileSystemSynchronizedRootGroup section */
		E15E49822EF1A329004A2129 /* FinPessoalWidgets */ = {
			isa = PBXFileSystemSynchronizedRootGroup;
			exceptions = (
				E15E49932EF1A32B004A2129 /* Exceptions for "FinPessoalWidgets" folder in "FinPessoalWidgetsExtension" target */,
			);
			path = FinPessoalWidgets;
			sourceTree = "<group>";
		};
		E177697F2E3E4AFF0028E21B /* FinPessoal */ = {
			isa = PBXFileSystemSynchronizedRootGroup;
			exceptions = (
				E1BE50762E5E89DE00AD2171 /* Exceptions for "FinPessoal" folder in "FinPessoal" target */,
			);
			path = FinPessoal;
			sourceTree = "<group>";
		};
		E1C2B6AC2E66550900972780 /* FinPessoalTests */ = {
			isa = PBXFileSystemSynchronizedRootGroup;
			path = FinPessoalTests;
			sourceTree = "<group>";
		};
		E1C2B6B92E66553100972780 /* FinPessoalUITests */ = {
			isa = PBXFileSystemSynchronizedRootGroup;
			path = FinPessoalUITests;
			sourceTree = "<group>";
		};
/* End PBXFileSystemSynchronizedRootGroup section */

/* Begin PBXFrameworksBuildPhase section */
		E15E49792EF1A329004A2129 /* Frameworks */ = {
			isa = PBXFrameworksBuildPhase;
			buildActionMask = 2147483647;
			files = (
				E15E49812EF1A329004A2129 /* SwiftUI.framework in Frameworks */,
				E15E497F2EF1A329004A2129 /* WidgetKit.framework in Frameworks */,
			);
			runOnlyForDeploymentPostprocessing = 0;
		};
		E177697A2E3E4AFF0028E21B /* Frameworks */ = {
			isa = PBXFrameworksBuildPhase;
			buildActionMask = 2147483647;
			files = (
				E17769A72E3E4D1D0028E21B /* FirebaseFirestoreCombine-Community in Frameworks */,
				E17769A92E3E4D1D0028E21B /* FirebaseFunctions in Frameworks */,
				E17769B52E3E4D1D0028E21B /* FirebasePerformance in Frameworks */,
				E17769BB2E3E4D1D0028E21B /* FirebaseStorageCombine-Community in Frameworks */,
				E17769B72E3E4D1D0028E21B /* FirebaseRemoteConfig in Frameworks */,
				E17769952E3E4D1D0028E21B /* FirebaseAnalyticsIdentitySupport in Frameworks */,
				E17769912E3E4D1D0028E21B /* FirebaseAnalytics in Frameworks */,
				E17769932E3E4D1D0028E21B /* FirebaseAnalyticsCore in Frameworks */,
				E17769972E3E4D1D0028E21B /* FirebaseAppCheck in Frameworks */,
				E177698F2E3E4D1D0028E21B /* FirebaseAI in Frameworks */,
				E17769A52E3E4D1D0028E21B /* FirebaseFirestore in Frameworks */,
				E17769B32E3E4D1D0028E21B /* FirebaseMessaging in Frameworks */,
				E17769AF2E3E4D1D0028E21B /* FirebaseInstallations in Frameworks */,
				E17769AB2E3E4D1D0028E21B /* FirebaseFunctionsCombine-Community in Frameworks */,
				E177699B2E3E4D1D0028E21B /* FirebaseAuth in Frameworks */,
				E17769992E3E4D1D0028E21B /* FirebaseAppDistribution-Beta in Frameworks */,
				E17769AD2E3E4D1D0028E21B /* FirebaseInAppMessaging-Beta in Frameworks */,
				E17E72992E3EE128003A7FF0 /* GoogleSignIn in Frameworks */,
				E17769A12E3E4D1D0028E21B /* FirebaseCrashlytics in Frameworks */,
				E17769A32E3E4D1D0028E21B /* FirebaseDatabase in Frameworks */,
				E17E729B2E3EE128003A7FF0 /* GoogleSignInSwift in Frameworks */,
				E17769B12E3E4D1D0028E21B /* FirebaseMLModelDownloader in Frameworks */,
				E17769B92E3E4D1D0028E21B /* FirebaseStorage in Frameworks */,
				E177699F2E3E4D1D0028E21B /* FirebaseCore in Frameworks */,
				E177699D2E3E4D1D0028E21B /* FirebaseAuthCombine-Community in Frameworks */,
			);
			runOnlyForDeploymentPostprocessing = 0;
		};
		E1C2B6A82E66550900972780 /* Frameworks */ = {
			isa = PBXFrameworksBuildPhase;
			buildActionMask = 2147483647;
			files = (
			);
			runOnlyForDeploymentPostprocessing = 0;
		};
		E1C2B6B52E66553100972780 /* Frameworks */ = {
			isa = PBXFrameworksBuildPhase;
			buildActionMask = 2147483647;
			files = (
			);
			runOnlyForDeploymentPostprocessing = 0;
		};
/* End PBXFrameworksBuildPhase section */

/* Begin PBXGroup section */
		E131FC652F3160E300EE28A1 /* Recovered References */ = {
			isa = PBXGroup;
			children = (
				8EAC25CEE64C4491888399CC /* PhysicsNumberCounter.swift */,
				4BA8F587CBBE40A7AE326E59 /* ParticleEmitter.swift */,
				084FD9D1317A4DC4ADB27F76 /* PhysicsNumberCounterTests.swift */,
				364968FAFDEE41039BB7E012 /* ParticleEmitterTests.swift */,
			);
			name = "Recovered References";
			sourceTree = "<group>";
		};
		E15E497D2EF1A329004A2129 /* Frameworks */ = {
			isa = PBXGroup;
			children = (
				E15E497E2EF1A329004A2129 /* WidgetKit.framework */,
				E15E49802EF1A329004A2129 /* SwiftUI.framework */,
			);
			name = Frameworks;
			sourceTree = "<group>";
		};
		E15E499D2EF22B9E004A2129 /* Models */ = {
			isa = PBXGroup;
			children = (
				E15E49962EF22B9E004A2129 /* AccountSummary.swift */,
				E15E49E42EF38ADD004A2129 /* ActivityAttributes.swift */,
				E15E49972EF22B9E004A2129 /* BillSummary.swift */,
				E15E49982EF22B9E004A2129 /* BudgetSummary.swift */,
				E15E49992EF22B9E004A2129 /* CardSummary.swift */,
				E15E499A2EF22B9E004A2129 /* GoalSummary.swift */,
				E15E499B2EF22B9E004A2129 /* TransactionSummary.swift */,
				E15E4A092EF4DB3B004A2129 /* WidgetColors.swift */,
				E15E499C2EF22B9E004A2129 /* WidgetData.swift */,
			);
			path = Models;
			sourceTree = "<group>";
		};
		E15E49A02EF22B9E004A2129 /* Services */ = {
			isa = PBXGroup;
			children = (
				E15E499E2EF22B9E004A2129 /* SharedDataManager.swift */,
				E15E499F2EF22B9E004A2129 /* WidgetDataProvider.swift */,
			);
			path = Services;
			sourceTree = "<group>";
		};
		E15E49A12EF22B9E004A2129 /* Shared */ = {
			isa = PBXGroup;
			children = (
				E15E499D2EF22B9E004A2129 /* Models */,
				E15E49A02EF22B9E004A2129 /* Services */,
			);
			path = Shared;
			sourceTree = "<group>";
		};
		E15E49EA2EF4CF9C004A2129 /* plans */ = {
			isa = PBXGroup;
			children = (
				E15E49E82EF4CF9C004A2129 /* 2025-12-16-widgets-design.md */,
				E15E49E92EF4CF9C004A2129 /* 2025-12-16-widgets-implementation.md */,
			);
			path = plans;
			sourceTree = "<group>";
		};
		E15E49F52EF4CF9C004A2129 /* Docs */ = {
			isa = PBXGroup;
			children = (
				E114476C2EAE8AFC00060A67 /* Help.md */,
				E15E49EA2EF4CF9C004A2129 /* plans */,
				E15E49EB2EF4CF9C004A2129 /* ACCESSIBILITY_GUIDELINES.md */,
				E15E49EC2EF4CF9C004A2129 /* ACCESSIBILITY_TESTING_CHECKLIST.md */,
				E15E49ED2EF4CF9C004A2129 /* AI_ML_IMPLEMENTATION.md */,
				E15E49EE2EF4CF9C004A2129 /* ALL_ENVIRONMENT_OBJECT_FIXES.md */,
				E1E8F1CF2E4D609B00FFD30F /* MockLogin.md */,
				E114481B2EAE8AFC00060A67 /* TESTS 2.md */,
				E15E49EF2EF4CF9C004A2129 /* ENVIRONMENT_OBJECT_FIX.md */,
				E15E49F02EF4CF9C004A2129 /* INSIGHTS_IMPLEMENTATION.md */,
				E15E49F12EF4CF9C004A2129 /* LOCALIZATION_FIX_SUMMARY.md */,
				E15E49F22EF4CF9C004A2129 /* MAC_IMPLEMENTATION_GUIDE.md */,
				E15E49F32EF4CF9C004A2129 /* Roadmap.md */,
				E15E49F42EF4CF9C004A2129 /* TESTS.md */,
			);
			path = Docs;
			sourceTree = "<group>";
		};
		E17769742E3E4AFF0028E21B = {
			isa = PBXGroup;
			children = (
				E1776A202E3E51BE0028E21B /* .swiftlint.yml */,
				E191F5122E9C65D2002DB0A9 /* CHANGELOG.md */,
				E177697F2E3E4AFF0028E21B /* FinPessoal */,
				E1C2B6AC2E66550900972780 /* FinPessoalTests */,
				E1C2B6B92E66553100972780 /* FinPessoalUITests */,
				E15E49822EF1A329004A2129 /* FinPessoalWidgets */,
				E15E49952EF1A3CE004A2129 /* FinPessoalWidgetsExtension.entitlements */,
				E15E497D2EF1A329004A2129 /* Frameworks */,
				E177697E2E3E4AFF0028E21B /* Products */,
				E11448562EB03E6300060A67 /* README.md */,
				E15E49A12EF22B9E004A2129 /* Shared */,
				E15E49F52EF4CF9C004A2129 /* Docs */,
				E131FC652F3160E300EE28A1 /* Recovered References */,
			);
			sourceTree = "<group>";
		};
		E177697E2E3E4AFF0028E21B /* Products */ = {
			isa = PBXGroup;
			children = (
				E177697D2E3E4AFF0028E21B /* FinPessoal.app */,
				E1C2B6AB2E66550900972780 /* FinPessoalTests.xctest */,
				E1C2B6B82E66553100972780 /* FinPessoalUITests.xctest */,
				E15E497C2EF1A329004A2129 /* FinPessoalWidgetsExtension.appex */,
			);
			name = Products;
			sourceTree = "<group>";
		};
/* End PBXGroup section */

/* Begin PBXNativeTarget section */
		E15E497B2EF1A329004A2129 /* FinPessoalWidgetsExtension */ = {
			isa = PBXNativeTarget;
			buildConfigurationList = E15E49922EF1A32B004A2129 /* Build configuration list for PBXNativeTarget "FinPessoalWidgetsExtension" */;
			buildPhases = (
				E15E49782EF1A329004A2129 /* Sources */,
				E15E49792EF1A329004A2129 /* Frameworks */,
				E15E497A2EF1A329004A2129 /* Resources */,
			);
			buildRules = (
			);
			dependencies = (
			);
			fileSystemSynchronizedGroups = (
				E15E49822EF1A329004A2129 /* FinPessoalWidgets */,
			);
			name = FinPessoalWidgetsExtension;
			packageProductDependencies = (
			);
			productName = FinPessoalWidgetsExtension;
			productReference = E15E497C2EF1A329004A2129 /* FinPessoalWidgetsExtension.appex */;
			productType = "com.apple.product-type.app-extension";
		};
		E177697C2E3E4AFF0028E21B /* FinPessoal */ = {
			isa = PBXNativeTarget;
			buildConfigurationList = E17769882E3E4B010028E21B /* Build configuration list for PBXNativeTarget "FinPessoal" */;
			buildPhases = (
				E17769792E3E4AFF0028E21B /* Sources */,
				E177697A2E3E4AFF0028E21B /* Frameworks */,
				E177697B2E3E4AFF0028E21B /* Resources */,
				E15E498F2EF1A32B004A2129 /* Embed Foundation Extensions */,
			);
			buildRules = (
			);
			dependencies = (
				E15E498D2EF1A32B004A2129 /* PBXTargetDependency */,
			);
			fileSystemSynchronizedGroups = (
				E177697F2E3E4AFF0028E21B /* FinPessoal */,
			);
			name = FinPessoal;
			packageProductDependencies = (
				E177698E2E3E4D1D0028E21B /* FirebaseAI */,
				E17769902E3E4D1D0028E21B /* FirebaseAnalytics */,
				E17769922E3E4D1D0028E21B /* FirebaseAnalyticsCore */,
				E17769942E3E4D1D0028E21B /* FirebaseAnalyticsIdentitySupport */,
				E17769962E3E4D1D0028E21B /* FirebaseAppCheck */,
				E17769982E3E4D1D0028E21B /* FirebaseAppDistribution-Beta */,
				E177699A2E3E4D1D0028E21B /* FirebaseAuth */,
				E177699C2E3E4D1D0028E21B /* FirebaseAuthCombine-Community */,
				E177699E2E3E4D1D0028E21B /* FirebaseCore */,
				E17769A02E3E4D1D0028E21B /* FirebaseCrashlytics */,
				E17769A22E3E4D1D0028E21B /* FirebaseDatabase */,
				E17769A42E3E4D1D0028E21B /* FirebaseFirestore */,
				E17769A62E3E4D1D0028E21B /* FirebaseFirestoreCombine-Community */,
				E17769A82E3E4D1D0028E21B /* FirebaseFunctions */,
				E17769AA2E3E4D1D0028E21B /* FirebaseFunctionsCombine-Community */,
				E17769AC2E3E4D1D0028E21B /* FirebaseInAppMessaging-Beta */,
				E17769AE2E3E4D1D0028E21B /* FirebaseInstallations */,
				E17769B02E3E4D1D0028E21B /* FirebaseMLModelDownloader */,
				E17769B22E3E4D1D0028E21B /* FirebaseMessaging */,
				E17769B42E3E4D1D0028E21B /* FirebasePerformance */,
				E17769B62E3E4D1D0028E21B /* FirebaseRemoteConfig */,
				E17769B82E3E4D1D0028E21B /* FirebaseStorage */,
				E17769BA2E3E4D1D0028E21B /* FirebaseStorageCombine-Community */,
				E17E72982E3EE128003A7FF0 /* GoogleSignIn */,
				E17E729A2E3EE128003A7FF0 /* GoogleSignInSwift */,
			);
			productName = FinPessoal;
			productReference = E177697D2E3E4AFF0028E21B /* FinPessoal.app */;
			productType = "com.apple.product-type.application";
		};
		E1C2B6AA2E66550900972780 /* FinPessoalTests */ = {
			isa = PBXNativeTarget;
			buildConfigurationList = E1C2B6B12E66550900972780 /* Build configuration list for PBXNativeTarget "FinPessoalTests" */;
			buildPhases = (
				E1C2B6A72E66550900972780 /* Sources */,
				E1C2B6A82E66550900972780 /* Frameworks */,
				E1C2B6A92E66550900972780 /* Resources */,
			);
			buildRules = (
			);
			dependencies = (
				E1C2B6B02E66550900972780 /* PBXTargetDependency */,
			);
			fileSystemSynchronizedGroups = (
				E1C2B6AC2E66550900972780 /* FinPessoalTests */,
			);
			name = FinPessoalTests;
			packageProductDependencies = (
			);
			productName = FinPessoalTests;
			productReference = E1C2B6AB2E66550900972780 /* FinPessoalTests.xctest */;
			productType = "com.apple.product-type.bundle.unit-test";
		};
		E1C2B6B72E66553100972780 /* FinPessoalUITests */ = {
			isa = PBXNativeTarget;
			buildConfigurationList = E1C2B6C02E66553100972780 /* Build configuration list for PBXNativeTarget "FinPessoalUITests" */;
			buildPhases = (
				E1C2B6B42E66553100972780 /* Sources */,
				E1C2B6B52E66553100972780 /* Frameworks */,
				E1C2B6B62E66553100972780 /* Resources */,
			);
			buildRules = (
			);
			dependencies = (
				E1C2B6BF2E66553100972780 /* PBXTargetDependency */,
			);
			fileSystemSynchronizedGroups = (
				E1C2B6B92E66553100972780 /* FinPessoalUITests */,
			);
			name = FinPessoalUITests;
			packageProductDependencies = (
			);
			productName = FinPessoalUITests;
			productReference = E1C2B6B82E66553100972780 /* FinPessoalUITests.xctest */;
			productType = "com.apple.product-type.bundle.ui-testing";
		};
/* End PBXNativeTarget section */

/* Begin PBXProject section */
		E17769752E3E4AFF0028E21B /* Project object */ = {
			isa = PBXProject;
			attributes = {
				BuildIndependentTargetsInParallel = 1;
				LastSwiftUpdateCheck = 2620;
				LastUpgradeCheck = 2620;
				TargetAttributes = {
					E15E497B2EF1A329004A2129 = {
						CreatedOnToolsVersion = 26.2;
					};
					E177697C2E3E4AFF0028E21B = {
						CreatedOnToolsVersion = 26.0;
					};
					E1C2B6AA2E66550900972780 = {
						CreatedOnToolsVersion = 26.0;
						TestTargetID = E177697C2E3E4AFF0028E21B;
					};
					E1C2B6B72E66553100972780 = {
						CreatedOnToolsVersion = 26.0;
						TestTargetID = E177697C2E3E4AFF0028E21B;
					};
				};
			};
			buildConfigurationList = E17769782E3E4AFF0028E21B /* Build configuration list for PBXProject "FinPessoal" */;
			developmentRegion = "pt-BR";
			hasScannedForEncodings = 0;
			knownRegions = (
				en,
				Base,
				"pt-BR",
			);
			mainGroup = E17769742E3E4AFF0028E21B;
			minimizedProjectReferenceProxies = 1;
			packageReferences = (
				E177698D2E3E4D1D0028E21B /* XCRemoteSwiftPackageReference "firebase-ios-sdk" */,
				E17E72972E3EE128003A7FF0 /* XCRemoteSwiftPackageReference "GoogleSignIn-iOS" */,
			);
			preferredProjectObjectVersion = 77;
			productRefGroup = E177697E2E3E4AFF0028E21B /* Products */;
			projectDirPath = "";
			projectRoot = "";
			targets = (
				E177697C2E3E4AFF0028E21B /* FinPessoal */,
				E1C2B6AA2E66550900972780 /* FinPessoalTests */,
				E1C2B6B72E66553100972780 /* FinPessoalUITests */,
				E15E497B2EF1A329004A2129 /* FinPessoalWidgetsExtension */,
			);
		};
/* End PBXProject section */

/* Begin PBXResourcesBuildPhase section */
		E15E497A2EF1A329004A2129 /* Resources */ = {
			isa = PBXResourcesBuildPhase;
			buildActionMask = 2147483647;
			files = (
			);
			runOnlyForDeploymentPostprocessing = 0;
		};
		E177697B2E3E4AFF0028E21B /* Resources */ = {
			isa = PBXResourcesBuildPhase;
			buildActionMask = 2147483647;
			files = (
				E1776A212E3E51BE0028E21B /* .swiftlint.yml in Resources */,
				E191F5132E9C65D2002DB0A9 /* CHANGELOG.md in Resources */,
				E11448572EB03E6300060A67 /* README.md in Resources */,
				E11447732EAE8AFC00060A67 /* Help.md in Resources */,
				E1E8F1D02E4D609B00FFD30F /* MockLogin.md in Resources */,
				E15E49F62EF4CF9C004A2129 /* Roadmap.md in Resources */,
				E15E49F72EF4CF9C004A2129 /* LOCALIZATION_FIX_SUMMARY.md in Resources */,
				E15E49F82EF4CF9C004A2129 /* 2025-12-16-widgets-design.md in Resources */,
				E15E49F92EF4CF9C004A2129 /* MAC_IMPLEMENTATION_GUIDE.md in Resources */,
				E15E49FA2EF4CF9C004A2129 /* ACCESSIBILITY_TESTING_CHECKLIST.md in Resources */,
				E15E49FB2EF4CF9C004A2129 /* TESTS.md in Resources */,
				E15E49FC2EF4CF9C004A2129 /* AI_ML_IMPLEMENTATION.md in Resources */,
				E15E49FD2EF4CF9C004A2129 /* ACCESSIBILITY_GUIDELINES.md in Resources */,
				E15E49FE2EF4CF9C004A2129 /* ALL_ENVIRONMENT_OBJECT_FIXES.md in Resources */,
				E15E49FF2EF4CF9C004A2129 /* INSIGHTS_IMPLEMENTATION.md in Resources */,
				E15E4A002EF4CF9C004A2129 /* 2025-12-16-widgets-implementation.md in Resources */,
				E15E4A012EF4CF9C004A2129 /* ENVIRONMENT_OBJECT_FIX.md in Resources */,
			);
			runOnlyForDeploymentPostprocessing = 0;
		};
		E1C2B6A92E66550900972780 /* Resources */ = {
			isa = PBXResourcesBuildPhase;
			buildActionMask = 2147483647;
			files = (
				E114481D2EAE8AFC00060A67 /* TESTS 2.md in Resources */,
			);
			runOnlyForDeploymentPostprocessing = 0;
		};
		E1C2B6B62E66553100972780 /* Resources */ = {
			isa = PBXResourcesBuildPhase;
			buildActionMask = 2147483647;
			files = (
			);
			runOnlyForDeploymentPostprocessing = 0;
		};
/* End PBXResourcesBuildPhase section */

/* Begin PBXSourcesBuildPhase section */
		E15E49782EF1A329004A2129 /* Sources */ = {
			isa = PBXSourcesBuildPhase;
			buildActionMask = 2147483647;
			files = (
				E15E49AB2EF22B9E004A2129 /* TransactionSummary.swift in Sources */,
				E15E49AC2EF22B9E004A2129 /* BudgetSummary.swift in Sources */,
				E15E49AD2EF22B9E004A2129 /* SharedDataManager.swift in Sources */,
				E15E49AF2EF22B9E004A2129 /* AccountSummary.swift in Sources */,
				E15E49E52EF38ADD004A2129 /* ActivityAttributes.swift in Sources */,
				E15E4A0B2EF4DB3B004A2129 /* WidgetColors.swift in Sources */,
				E15E49B02EF22B9E004A2129 /* CardSummary.swift in Sources */,
				E15E49B12EF22B9E004A2129 /* WidgetData.swift in Sources */,
				E15E49B22EF22B9E004A2129 /* GoalSummary.swift in Sources */,
				E15E49B32EF22B9E004A2129 /* BillSummary.swift in Sources */,
			);
			runOnlyForDeploymentPostprocessing = 0;
		};
		E17769792E3E4AFF0028E21B /* Sources */ = {
			isa = PBXSourcesBuildPhase;
			buildActionMask = 2147483647;
			files = (
				E15E49E62EF38ADD004A2129 /* ActivityAttributes.swift in Sources */,
				E15E49A22EF22B9E004A2129 /* TransactionSummary.swift in Sources */,
				E15E49A32EF22B9E004A2129 /* BudgetSummary.swift in Sources */,
				E15E49A42EF22B9E004A2129 /* SharedDataManager.swift in Sources */,
				E15E49A52EF22B9E004A2129 /* WidgetDataProvider.swift in Sources */,
				E15E49A62EF22B9E004A2129 /* AccountSummary.swift in Sources */,
				E15E49A72EF22B9E004A2129 /* CardSummary.swift in Sources */,
				E15E49A82EF22B9E004A2129 /* WidgetData.swift in Sources */,
				E15E49A92EF22B9E004A2129 /* GoalSummary.swift in Sources */,
				E15E49AA2EF22B9E004A2129 /* BillSummary.swift in Sources */,
				E15E4A0A2EF4DB3B004A2129 /* WidgetColors.swift in Sources */,
				20E245BE5EAE484491F49B91 /* PhysicsNumberCounter.swift in Sources */,
				1940B8AEC1AB4FEFB0502BB1 /* ParticleEmitter.swift in Sources */,
			);
			runOnlyForDeploymentPostprocessing = 0;
		};
		E1C2B6A72E66550900972780 /* Sources */ = {
			isa = PBXSourcesBuildPhase;
			buildActionMask = 2147483647;
			files = (
				5D5258EEEB314574BEF819C1 /* PhysicsNumberCounterTests.swift in Sources */,
				A950EEE6F51C48D69EDBD756 /* ParticleEmitterTests.swift in Sources */,
			);
			runOnlyForDeploymentPostprocessing = 0;
		};
		E1C2B6B42E66553100972780 /* Sources */ = {
			isa = PBXSourcesBuildPhase;
			buildActionMask = 2147483647;
			files = (
			);
			runOnlyForDeploymentPostprocessing = 0;
		};
/* End PBXSourcesBuildPhase section */

/* Begin PBXTargetDependency section */
		E15E498D2EF1A32B004A2129 /* PBXTargetDependency */ = {
			isa = PBXTargetDependency;
			target = E15E497B2EF1A329004A2129 /* FinPessoalWidgetsExtension */;
			targetProxy = E15E498C2EF1A32B004A2129 /* PBXContainerItemProxy */;
		};
		E1C2B6B02E66550900972780 /* PBXTargetDependency */ = {
			isa = PBXTargetDependency;
			target = E177697C2E3E4AFF0028E21B /* FinPessoal */;
			targetProxy = E1C2B6AF2E66550900972780 /* PBXContainerItemProxy */;
		};
		E1C2B6BF2E66553100972780 /* PBXTargetDependency */ = {
			isa = PBXTargetDependency;
			target = E177697C2E3E4AFF0028E21B /* FinPessoal */;
			targetProxy = E1C2B6BE2E66553100972780 /* PBXContainerItemProxy */;
		};
/* End PBXTargetDependency section */

/* Begin XCBuildConfiguration section */
		E12908812EFC344F00941D80 /* Staging */ = {
			isa = XCBuildConfiguration;
			buildSettings = {
				ALWAYS_SEARCH_USER_PATHS = NO;
				ASSETCATALOG_COMPILER_GENERATE_SWIFT_ASSET_SYMBOL_EXTENSIONS = YES;
				CLANG_ANALYZER_LOCALIZABILITY_NONLOCALIZED = YES;
				CLANG_ANALYZER_NONNULL = YES;
				CLANG_ANALYZER_NUMBER_OBJECT_CONVERSION = YES_AGGRESSIVE;
				CLANG_CXX_LANGUAGE_STANDARD = "gnu++20";
				CLANG_ENABLE_MODULES = YES;
				CLANG_ENABLE_OBJC_ARC = YES;
				CLANG_ENABLE_OBJC_WEAK = YES;
				CLANG_WARN_BLOCK_CAPTURE_AUTORELEASING = YES;
				CLANG_WARN_BOOL_CONVERSION = YES;
				CLANG_WARN_COMMA = YES;
				CLANG_WARN_CONSTANT_CONVERSION = YES;
				CLANG_WARN_DEPRECATED_OBJC_IMPLEMENTATIONS = YES;
				CLANG_WARN_DIRECT_OBJC_ISA_USAGE = YES_ERROR;
				CLANG_WARN_DOCUMENTATION_COMMENTS = YES;
				CLANG_WARN_EMPTY_BODY = YES;
				CLANG_WARN_ENUM_CONVERSION = YES;
				CLANG_WARN_INFINITE_RECURSION = YES;
				CLANG_WARN_INT_CONVERSION = YES;
				CLANG_WARN_NON_LITERAL_NULL_CONVERSION = YES;
				CLANG_WARN_OBJC_IMPLICIT_RETAIN_SELF = YES;
				CLANG_WARN_OBJC_LITERAL_CONVERSION = YES;
				CLANG_WARN_OBJC_ROOT_CLASS = YES_ERROR;
				CLANG_WARN_QUOTED_INCLUDE_IN_FRAMEWORK_HEADER = YES;
				CLANG_WARN_RANGE_LOOP_ANALYSIS = YES;
				CLANG_WARN_STRICT_PROTOTYPES = YES;
				CLANG_WARN_SUSPICIOUS_MOVE = YES;
				CLANG_WARN_UNGUARDED_AVAILABILITY = YES_AGGRESSIVE;
				CLANG_WARN_UNREACHABLE_CODE = YES;
				CLANG_WARN__DUPLICATE_METHOD_MATCH = YES;
				COPY_PHASE_STRIP = NO;
				DEAD_CODE_STRIPPING = YES;
				DEBUG_INFORMATION_FORMAT = dwarf;
				DEVELOPMENT_TEAM = 4DLN7FPJ74;
				ENABLE_STRICT_OBJC_MSGSEND = YES;
				ENABLE_TESTABILITY = YES;
				ENABLE_USER_SCRIPT_SANDBOXING = NO;
				GCC_C_LANGUAGE_STANDARD = gnu17;
				GCC_DYNAMIC_NO_PIC = NO;
				GCC_NO_COMMON_BLOCKS = YES;
				GCC_OPTIMIZATION_LEVEL = 0;
				GCC_PREPROCESSOR_DEFINITIONS = (
					"DEBUG=1",
					"$(inherited)",
				);
				GCC_WARN_64_TO_32_BIT_CONVERSION = YES;
				GCC_WARN_ABOUT_RETURN_TYPE = YES_ERROR;
				GCC_WARN_UNDECLARED_SELECTOR = YES;
				GCC_WARN_UNINITIALIZED_AUTOS = YES_AGGRESSIVE;
				GCC_WARN_UNUSED_FUNCTION = YES;
				GCC_WARN_UNUSED_VARIABLE = YES;
				LOCALIZATION_PREFERS_STRING_CATALOGS = YES;
				MTL_ENABLE_DEBUG_INFO = INCLUDE_SOURCE;
				MTL_FAST_MATH = YES;
				ONLY_ACTIVE_ARCH = YES;
				STRING_CATALOG_GENERATE_SYMBOLS = YES;
				SWIFT_ACTIVE_COMPILATION_CONDITIONS = "DEBUG $(inherited)";
				SWIFT_EMIT_LOC_STRINGS = YES;
				SWIFT_OPTIMIZATION_LEVEL = "-Onone";
			};
			name = Staging;
		};
		E12908822EFC344F00941D80 /* Staging */ = {
			isa = XCBuildConfiguration;
			buildSettings = {
				ASSETCATALOG_COMPILER_APPICON_NAME = AppIcon;
				ASSETCATALOG_COMPILER_GLOBAL_ACCENT_COLOR_NAME = AccentColor;
				CODE_SIGN_ENTITLEMENTS = FinPessoal/FinPessoal.entitlements;
				CODE_SIGN_STYLE = Automatic;
				CURRENT_PROJECT_VERSION = 1;
				DEAD_CODE_STRIPPING = YES;
				DEVELOPMENT_TEAM = 4DLN7FPJ74;
				ENABLE_APP_SANDBOX = YES;
				ENABLE_HARDENED_RUNTIME = YES;
				ENABLE_OUTGOING_NETWORK_CONNECTIONS = YES;
				ENABLE_PREVIEWS = YES;
				ENABLE_USER_SELECTED_FILES = readonly;
				GENERATE_INFOPLIST_FILE = YES;
				INFOPLIST_FILE = FinPessoal/Info.plist;
				INFOPLIST_KEY_LSApplicationCategoryType = "public.app-category.finance";
				"INFOPLIST_KEY_UIApplicationSceneManifest_Generation[sdk=iphoneos*]" = YES;
				"INFOPLIST_KEY_UIApplicationSceneManifest_Generation[sdk=iphonesimulator*]" = YES;
				"INFOPLIST_KEY_UIApplicationSupportsIndirectInputEvents[sdk=iphoneos*]" = YES;
				"INFOPLIST_KEY_UIApplicationSupportsIndirectInputEvents[sdk=iphonesimulator*]" = YES;
				"INFOPLIST_KEY_UILaunchScreen_Generation[sdk=iphoneos*]" = YES;
				"INFOPLIST_KEY_UILaunchScreen_Generation[sdk=iphonesimulator*]" = YES;
				"INFOPLIST_KEY_UIStatusBarStyle[sdk=iphoneos*]" = UIStatusBarStyleDefault;
				"INFOPLIST_KEY_UIStatusBarStyle[sdk=iphonesimulator*]" = UIStatusBarStyleDefault;
				INFOPLIST_KEY_UISupportedInterfaceOrientations = UIInterfaceOrientationPortrait;
				INFOPLIST_KEY_UISupportedInterfaceOrientations_iPad = "UIInterfaceOrientationLandscapeLeft UIInterfaceOrientationLandscapeRight UIInterfaceOrientationPortrait UIInterfaceOrientationPortraitUpsideDown";
				IPHONEOS_DEPLOYMENT_TARGET = 26.0;
				LD_RUNPATH_SEARCH_PATHS = "@executable_path/Frameworks";
				"LD_RUNPATH_SEARCH_PATHS[sdk=macosx*]" = "@executable_path/../Frameworks";
				MACOSX_DEPLOYMENT_TARGET = 26.0;
				MARKETING_VERSION = 1.0;
				PRODUCT_BUNDLE_IDENTIFIER = br.com.werkstatdg.FinPessoal;
				PRODUCT_NAME = "$(TARGET_NAME)";
				REGISTER_APP_GROUPS = YES;
				SDKROOT = auto;
				STRING_CATALOG_GENERATE_SYMBOLS = YES;
				SUPPORTED_PLATFORMS = "iphoneos iphonesimulator";
				SUPPORTS_MACCATALYST = NO;
				SUPPORTS_MAC_DESIGNED_FOR_IPHONE_IPAD = YES;
				SWIFT_ACTIVE_COMPILATION_CONDITIONS = STAGING;
				SWIFT_APPROACHABLE_CONCURRENCY = YES;
				SWIFT_DEFAULT_ACTOR_ISOLATION = MainActor;
				SWIFT_EMIT_LOC_STRINGS = YES;
				SWIFT_UPCOMING_FEATURE_MEMBER_IMPORT_VISIBILITY = YES;
				SWIFT_VERSION = 5.0;
				TARGETED_DEVICE_FAMILY = "1,2";
				XROS_DEPLOYMENT_TARGET = 26.0;
			};
			name = Staging;
		};
		E12908832EFC344F00941D80 /* Staging */ = {
			isa = XCBuildConfiguration;
			buildSettings = {
				BUNDLE_LOADER = "$(TEST_HOST)";
				CODE_SIGN_STYLE = Automatic;
				CURRENT_PROJECT_VERSION = 1;
				DEVELOPMENT_TEAM = 4DLN7FPJ74;
				ENABLE_USER_SCRIPT_SANDBOXING = YES;
				GENERATE_INFOPLIST_FILE = YES;
				IPHONEOS_DEPLOYMENT_TARGET = 26.0;
				MARKETING_VERSION = 1.0;
				PRODUCT_BUNDLE_IDENTIFIER = br.com.werkstatdg.FinPessoalTests;
				PRODUCT_NAME = "$(TARGET_NAME)";
				SDKROOT = iphoneos;
				STRING_CATALOG_GENERATE_SYMBOLS = NO;
				SWIFT_APPROACHABLE_CONCURRENCY = YES;
				SWIFT_EMIT_LOC_STRINGS = NO;
				SWIFT_UPCOMING_FEATURE_MEMBER_IMPORT_VISIBILITY = YES;
				SWIFT_VERSION = 5.0;
				TARGETED_DEVICE_FAMILY = "1,2";
				TEST_HOST = "$(BUILT_PRODUCTS_DIR)/FinPessoal.app/$(BUNDLE_EXECUTABLE_FOLDER_PATH)/FinPessoal";
			};
			name = Staging;
		};
		E12908842EFC344F00941D80 /* Staging */ = {
			isa = XCBuildConfiguration;
			buildSettings = {
				CODE_SIGN_STYLE = Automatic;
				CURRENT_PROJECT_VERSION = 1;
				DEVELOPMENT_TEAM = 4DLN7FPJ74;
				ENABLE_USER_SCRIPT_SANDBOXING = YES;
				GENERATE_INFOPLIST_FILE = YES;
				IPHONEOS_DEPLOYMENT_TARGET = 26.0;
				MARKETING_VERSION = 1.0;
				PRODUCT_BUNDLE_IDENTIFIER = br.com.werkstatdg.FinPessoalUITests;
				PRODUCT_NAME = "$(TARGET_NAME)";
				SDKROOT = iphoneos;
				STRING_CATALOG_GENERATE_SYMBOLS = NO;
				SWIFT_APPROACHABLE_CONCURRENCY = YES;
				SWIFT_EMIT_LOC_STRINGS = NO;
				SWIFT_UPCOMING_FEATURE_MEMBER_IMPORT_VISIBILITY = YES;
				SWIFT_VERSION = 5.0;
				TARGETED_DEVICE_FAMILY = "1,2";
				TEST_TARGET_NAME = FinPessoal;
			};
			name = Staging;
		};
		E12908852EFC344F00941D80 /* Staging */ = {
			isa = XCBuildConfiguration;
			buildSettings = {
				ASSETCATALOG_COMPILER_GLOBAL_ACCENT_COLOR_NAME = AccentColor;
				ASSETCATALOG_COMPILER_WIDGET_BACKGROUND_COLOR_NAME = WidgetBackground;
				CODE_SIGN_ENTITLEMENTS = FinPessoalWidgetsExtension.entitlements;
				CODE_SIGN_STYLE = Automatic;
				CURRENT_PROJECT_VERSION = 1;
				DEVELOPMENT_TEAM = 4DLN7FPJ74;
				ENABLE_USER_SCRIPT_SANDBOXING = YES;
				GENERATE_INFOPLIST_FILE = YES;
				INFOPLIST_FILE = FinPessoalWidgets/Info.plist;
				INFOPLIST_KEY_CFBundleDisplayName = FinPessoalWidgets;
				INFOPLIST_KEY_NSHumanReadableCopyright = "";
				IPHONEOS_DEPLOYMENT_TARGET = 26.2;
				LD_RUNPATH_SEARCH_PATHS = (
					"$(inherited)",
					"@executable_path/Frameworks",
					"@executable_path/../../Frameworks",
				);
				MARKETING_VERSION = 1.0;
				PRODUCT_BUNDLE_IDENTIFIER = br.com.werkstatdg.FinPessoal.FinPessoalWidgets;
				PRODUCT_NAME = "$(TARGET_NAME)";
				SDKROOT = iphoneos;
				SKIP_INSTALL = YES;
				STRING_CATALOG_GENERATE_SYMBOLS = YES;
				SWIFT_APPROACHABLE_CONCURRENCY = YES;
				SWIFT_EMIT_LOC_STRINGS = YES;
				SWIFT_UPCOMING_FEATURE_MEMBER_IMPORT_VISIBILITY = YES;
				SWIFT_VERSION = 5.0;
				TARGETED_DEVICE_FAMILY = "1,2";
			};
			name = Staging;
		};
		E15E49902EF1A32B004A2129 /* Debug */ = {
			isa = XCBuildConfiguration;
			buildSettings = {
				ASSETCATALOG_COMPILER_GLOBAL_ACCENT_COLOR_NAME = AccentColor;
				ASSETCATALOG_COMPILER_WIDGET_BACKGROUND_COLOR_NAME = WidgetBackground;
				CODE_SIGN_ENTITLEMENTS = FinPessoalWidgetsExtension.entitlements;
				CODE_SIGN_STYLE = Automatic;
				CURRENT_PROJECT_VERSION = 1;
				DEVELOPMENT_TEAM = 4DLN7FPJ74;
				ENABLE_USER_SCRIPT_SANDBOXING = YES;
				GENERATE_INFOPLIST_FILE = YES;
				INFOPLIST_FILE = FinPessoalWidgets/Info.plist;
				INFOPLIST_KEY_CFBundleDisplayName = FinPessoalWidgets;
				INFOPLIST_KEY_NSHumanReadableCopyright = "";
				IPHONEOS_DEPLOYMENT_TARGET = 26.2;
				LD_RUNPATH_SEARCH_PATHS = (
					"$(inherited)",
					"@executable_path/Frameworks",
					"@executable_path/../../Frameworks",
				);
				MARKETING_VERSION = 1.0;
				PRODUCT_BUNDLE_IDENTIFIER = br.com.werkstatdg.FinPessoal.FinPessoalWidgets;
				PRODUCT_NAME = "$(TARGET_NAME)";
				SDKROOT = iphoneos;
				SKIP_INSTALL = YES;
				STRING_CATALOG_GENERATE_SYMBOLS = YES;
				SWIFT_APPROACHABLE_CONCURRENCY = YES;
				SWIFT_EMIT_LOC_STRINGS = YES;
				SWIFT_UPCOMING_FEATURE_MEMBER_IMPORT_VISIBILITY = YES;
				SWIFT_VERSION = 5.0;
				TARGETED_DEVICE_FAMILY = "1,2";
			};
			name = Debug;
		};
		E15E49912EF1A32B004A2129 /* Release */ = {
			isa = XCBuildConfiguration;
			buildSettings = {
				ASSETCATALOG_COMPILER_GLOBAL_ACCENT_COLOR_NAME = AccentColor;
				ASSETCATALOG_COMPILER_WIDGET_BACKGROUND_COLOR_NAME = WidgetBackground;
				CODE_SIGN_ENTITLEMENTS = FinPessoalWidgetsExtension.entitlements;
				CODE_SIGN_STYLE = Automatic;
				CURRENT_PROJECT_VERSION = 1;
				DEVELOPMENT_TEAM = 4DLN7FPJ74;
				ENABLE_USER_SCRIPT_SANDBOXING = YES;
				GENERATE_INFOPLIST_FILE = YES;
				INFOPLIST_FILE = FinPessoalWidgets/Info.plist;
				INFOPLIST_KEY_CFBundleDisplayName = FinPessoalWidgets;
				INFOPLIST_KEY_NSHumanReadableCopyright = "";
				IPHONEOS_DEPLOYMENT_TARGET = 26.2;
				LD_RUNPATH_SEARCH_PATHS = (
					"$(inherited)",
					"@executable_path/Frameworks",
					"@executable_path/../../Frameworks",
				);
				MARKETING_VERSION = 1.0;
				PRODUCT_BUNDLE_IDENTIFIER = br.com.werkstatdg.FinPessoal.FinPessoalWidgets;
				PRODUCT_NAME = "$(TARGET_NAME)";
				SDKROOT = iphoneos;
				SKIP_INSTALL = YES;
				STRING_CATALOG_GENERATE_SYMBOLS = YES;
				SWIFT_APPROACHABLE_CONCURRENCY = YES;
				SWIFT_EMIT_LOC_STRINGS = YES;
				SWIFT_UPCOMING_FEATURE_MEMBER_IMPORT_VISIBILITY = YES;
				SWIFT_VERSION = 5.0;
				TARGETED_DEVICE_FAMILY = "1,2";
				VALIDATE_PRODUCT = YES;
			};
			name = Release;
		};
		E17769862E3E4B010028E21B /* Debug */ = {
			isa = XCBuildConfiguration;
			buildSettings = {
				ALWAYS_SEARCH_USER_PATHS = NO;
				ASSETCATALOG_COMPILER_GENERATE_SWIFT_ASSET_SYMBOL_EXTENSIONS = YES;
				CLANG_ANALYZER_LOCALIZABILITY_NONLOCALIZED = YES;
				CLANG_ANALYZER_NONNULL = YES;
				CLANG_ANALYZER_NUMBER_OBJECT_CONVERSION = YES_AGGRESSIVE;
				CLANG_CXX_LANGUAGE_STANDARD = "gnu++20";
				CLANG_ENABLE_MODULES = YES;
				CLANG_ENABLE_OBJC_ARC = YES;
				CLANG_ENABLE_OBJC_WEAK = YES;
				CLANG_WARN_BLOCK_CAPTURE_AUTORELEASING = YES;
				CLANG_WARN_BOOL_CONVERSION = YES;
				CLANG_WARN_COMMA = YES;
				CLANG_WARN_CONSTANT_CONVERSION = YES;
				CLANG_WARN_DEPRECATED_OBJC_IMPLEMENTATIONS = YES;
				CLANG_WARN_DIRECT_OBJC_ISA_USAGE = YES_ERROR;
				CLANG_WARN_DOCUMENTATION_COMMENTS = YES;
				CLANG_WARN_EMPTY_BODY = YES;
				CLANG_WARN_ENUM_CONVERSION = YES;
				CLANG_WARN_INFINITE_RECURSION = YES;
				CLANG_WARN_INT_CONVERSION = YES;
				CLANG_WARN_NON_LITERAL_NULL_CONVERSION = YES;
				CLANG_WARN_OBJC_IMPLICIT_RETAIN_SELF = YES;
				CLANG_WARN_OBJC_LITERAL_CONVERSION = YES;
				CLANG_WARN_OBJC_ROOT_CLASS = YES_ERROR;
				CLANG_WARN_QUOTED_INCLUDE_IN_FRAMEWORK_HEADER = YES;
				CLANG_WARN_RANGE_LOOP_ANALYSIS = YES;
				CLANG_WARN_STRICT_PROTOTYPES = YES;
				CLANG_WARN_SUSPICIOUS_MOVE = YES;
				CLANG_WARN_UNGUARDED_AVAILABILITY = YES_AGGRESSIVE;
				CLANG_WARN_UNREACHABLE_CODE = YES;
				CLANG_WARN__DUPLICATE_METHOD_MATCH = YES;
				COPY_PHASE_STRIP = NO;
				DEAD_CODE_STRIPPING = YES;
				DEBUG_INFORMATION_FORMAT = dwarf;
				DEVELOPMENT_TEAM = 4DLN7FPJ74;
				ENABLE_STRICT_OBJC_MSGSEND = YES;
				ENABLE_TESTABILITY = YES;
				ENABLE_USER_SCRIPT_SANDBOXING = NO;
				GCC_C_LANGUAGE_STANDARD = gnu17;
				GCC_DYNAMIC_NO_PIC = NO;
				GCC_NO_COMMON_BLOCKS = YES;
				GCC_OPTIMIZATION_LEVEL = 0;
				GCC_PREPROCESSOR_DEFINITIONS = (
					"DEBUG=1",
					"$(inherited)",
				);
				GCC_WARN_64_TO_32_BIT_CONVERSION = YES;
				GCC_WARN_ABOUT_RETURN_TYPE = YES_ERROR;
				GCC_WARN_UNDECLARED_SELECTOR = YES;
				GCC_WARN_UNINITIALIZED_AUTOS = YES_AGGRESSIVE;
				GCC_WARN_UNUSED_FUNCTION = YES;
				GCC_WARN_UNUSED_VARIABLE = YES;
				LOCALIZATION_PREFERS_STRING_CATALOGS = YES;
				MTL_ENABLE_DEBUG_INFO = INCLUDE_SOURCE;
				MTL_FAST_MATH = YES;
				ONLY_ACTIVE_ARCH = YES;
				STRING_CATALOG_GENERATE_SYMBOLS = YES;
				SWIFT_ACTIVE_COMPILATION_CONDITIONS = "DEBUG $(inherited)";
				SWIFT_EMIT_LOC_STRINGS = YES;
				SWIFT_OPTIMIZATION_LEVEL = "-Onone";
			};
			name = Debug;
		};
		E17769872E3E4B010028E21B /* Release */ = {
			isa = XCBuildConfiguration;
			buildSettings = {
				ALWAYS_SEARCH_USER_PATHS = NO;
				ASSETCATALOG_COMPILER_GENERATE_SWIFT_ASSET_SYMBOL_EXTENSIONS = YES;
				CLANG_ANALYZER_LOCALIZABILITY_NONLOCALIZED = YES;
				CLANG_ANALYZER_NONNULL = YES;
				CLANG_ANALYZER_NUMBER_OBJECT_CONVERSION = YES_AGGRESSIVE;
				CLANG_CXX_LANGUAGE_STANDARD = "gnu++20";
				CLANG_ENABLE_MODULES = YES;
				CLANG_ENABLE_OBJC_ARC = YES;
				CLANG_ENABLE_OBJC_WEAK = YES;
				CLANG_WARN_BLOCK_CAPTURE_AUTORELEASING = YES;
				CLANG_WARN_BOOL_CONVERSION = YES;
				CLANG_WARN_COMMA = YES;
				CLANG_WARN_CONSTANT_CONVERSION = YES;
				CLANG_WARN_DEPRECATED_OBJC_IMPLEMENTATIONS = YES;
				CLANG_WARN_DIRECT_OBJC_ISA_USAGE = YES_ERROR;
				CLANG_WARN_DOCUMENTATION_COMMENTS = YES;
				CLANG_WARN_EMPTY_BODY = YES;
				CLANG_WARN_ENUM_CONVERSION = YES;
				CLANG_WARN_INFINITE_RECURSION = YES;
				CLANG_WARN_INT_CONVERSION = YES;
				CLANG_WARN_NON_LITERAL_NULL_CONVERSION = YES;
				CLANG_WARN_OBJC_IMPLICIT_RETAIN_SELF = YES;
				CLANG_WARN_OBJC_LITERAL_CONVERSION = YES;
				CLANG_WARN_OBJC_ROOT_CLASS = YES_ERROR;
				CLANG_WARN_QUOTED_INCLUDE_IN_FRAMEWORK_HEADER = YES;
				CLANG_WARN_RANGE_LOOP_ANALYSIS = YES;
				CLANG_WARN_STRICT_PROTOTYPES = YES;
				CLANG_WARN_SUSPICIOUS_MOVE = YES;
				CLANG_WARN_UNGUARDED_AVAILABILITY = YES_AGGRESSIVE;
				CLANG_WARN_UNREACHABLE_CODE = YES;
				CLANG_WARN__DUPLICATE_METHOD_MATCH = YES;
				COPY_PHASE_STRIP = NO;
				DEAD_CODE_STRIPPING = YES;
				DEBUG_INFORMATION_FORMAT = "dwarf-with-dsym";
				DEVELOPMENT_TEAM = 4DLN7FPJ74;
				ENABLE_NS_ASSERTIONS = NO;
				ENABLE_STRICT_OBJC_MSGSEND = YES;
				ENABLE_USER_SCRIPT_SANDBOXING = NO;
				GCC_C_LANGUAGE_STANDARD = gnu17;
				GCC_NO_COMMON_BLOCKS = YES;
				GCC_WARN_64_TO_32_BIT_CONVERSION = YES;
				GCC_WARN_ABOUT_RETURN_TYPE = YES_ERROR;
				GCC_WARN_UNDECLARED_SELECTOR = YES;
				GCC_WARN_UNINITIALIZED_AUTOS = YES_AGGRESSIVE;
				GCC_WARN_UNUSED_FUNCTION = YES;
				GCC_WARN_UNUSED_VARIABLE = YES;
				LOCALIZATION_PREFERS_STRING_CATALOGS = YES;
				MTL_ENABLE_DEBUG_INFO = NO;
				MTL_FAST_MATH = YES;
				STRING_CATALOG_GENERATE_SYMBOLS = YES;
				SWIFT_COMPILATION_MODE = wholemodule;
				SWIFT_EMIT_LOC_STRINGS = YES;
			};
			name = Release;
		};
		E17769892E3E4B010028E21B /* Debug */ = {
			isa = XCBuildConfiguration;
			buildSettings = {
				ASSETCATALOG_COMPILER_APPICON_NAME = AppIcon;
				ASSETCATALOG_COMPILER_GLOBAL_ACCENT_COLOR_NAME = AccentColor;
				CODE_SIGN_ENTITLEMENTS = FinPessoal/FinPessoal.entitlements;
				CODE_SIGN_STYLE = Automatic;
				CURRENT_PROJECT_VERSION = 1;
				DEAD_CODE_STRIPPING = YES;
				DEVELOPMENT_TEAM = 4DLN7FPJ74;
				ENABLE_APP_SANDBOX = YES;
				ENABLE_HARDENED_RUNTIME = YES;
				ENABLE_OUTGOING_NETWORK_CONNECTIONS = YES;
				ENABLE_PREVIEWS = YES;
				ENABLE_USER_SELECTED_FILES = readonly;
				GENERATE_INFOPLIST_FILE = YES;
				INFOPLIST_FILE = FinPessoal/Info.plist;
				INFOPLIST_KEY_LSApplicationCategoryType = "public.app-category.finance";
				"INFOPLIST_KEY_UIApplicationSceneManifest_Generation[sdk=iphoneos*]" = YES;
				"INFOPLIST_KEY_UIApplicationSceneManifest_Generation[sdk=iphonesimulator*]" = YES;
				"INFOPLIST_KEY_UIApplicationSupportsIndirectInputEvents[sdk=iphoneos*]" = YES;
				"INFOPLIST_KEY_UIApplicationSupportsIndirectInputEvents[sdk=iphonesimulator*]" = YES;
				"INFOPLIST_KEY_UILaunchScreen_Generation[sdk=iphoneos*]" = YES;
				"INFOPLIST_KEY_UILaunchScreen_Generation[sdk=iphonesimulator*]" = YES;
				"INFOPLIST_KEY_UIStatusBarStyle[sdk=iphoneos*]" = UIStatusBarStyleDefault;
				"INFOPLIST_KEY_UIStatusBarStyle[sdk=iphonesimulator*]" = UIStatusBarStyleDefault;
				INFOPLIST_KEY_UISupportedInterfaceOrientations = UIInterfaceOrientationPortrait;
				INFOPLIST_KEY_UISupportedInterfaceOrientations_iPad = "UIInterfaceOrientationLandscapeLeft UIInterfaceOrientationLandscapeRight UIInterfaceOrientationPortrait UIInterfaceOrientationPortraitUpsideDown";
				IPHONEOS_DEPLOYMENT_TARGET = 26.0;
				LD_RUNPATH_SEARCH_PATHS = "@executable_path/Frameworks";
				"LD_RUNPATH_SEARCH_PATHS[sdk=macosx*]" = "@executable_path/../Frameworks";
				MACOSX_DEPLOYMENT_TARGET = 26.0;
				MARKETING_VERSION = 1.0;
				PRODUCT_BUNDLE_IDENTIFIER = br.com.werkstatdg.FinPessoal;
				PRODUCT_NAME = "$(TARGET_NAME)";
				REGISTER_APP_GROUPS = YES;
				SDKROOT = auto;
				STRING_CATALOG_GENERATE_SYMBOLS = YES;
				SUPPORTED_PLATFORMS = "iphoneos iphonesimulator";
				SUPPORTS_MACCATALYST = NO;
				SUPPORTS_MAC_DESIGNED_FOR_IPHONE_IPAD = YES;
				SWIFT_APPROACHABLE_CONCURRENCY = YES;
				SWIFT_DEFAULT_ACTOR_ISOLATION = MainActor;
				SWIFT_EMIT_LOC_STRINGS = YES;
				SWIFT_UPCOMING_FEATURE_MEMBER_IMPORT_VISIBILITY = YES;
				SWIFT_VERSION = 5.0;
				TARGETED_DEVICE_FAMILY = "1,2";
				XROS_DEPLOYMENT_TARGET = 26.0;
			};
			name = Debug;
		};
		E177698A2E3E4B010028E21B /* Release */ = {
			isa = XCBuildConfiguration;
			buildSettings = {
				ASSETCATALOG_COMPILER_APPICON_NAME = AppIcon;
				ASSETCATALOG_COMPILER_GLOBAL_ACCENT_COLOR_NAME = AccentColor;
				CODE_SIGN_ENTITLEMENTS = FinPessoal/FinPessoal.entitlements;
				CODE_SIGN_STYLE = Automatic;
				CURRENT_PROJECT_VERSION = 1;
				DEAD_CODE_STRIPPING = YES;
				DEVELOPMENT_TEAM = 4DLN7FPJ74;
				ENABLE_APP_SANDBOX = YES;
				ENABLE_HARDENED_RUNTIME = YES;
				ENABLE_OUTGOING_NETWORK_CONNECTIONS = YES;
				ENABLE_PREVIEWS = YES;
				ENABLE_USER_SELECTED_FILES = readonly;
				GENERATE_INFOPLIST_FILE = YES;
				INFOPLIST_FILE = FinPessoal/Info.plist;
				INFOPLIST_KEY_LSApplicationCategoryType = "public.app-category.finance";
				"INFOPLIST_KEY_UIApplicationSceneManifest_Generation[sdk=iphoneos*]" = YES;
				"INFOPLIST_KEY_UIApplicationSceneManifest_Generation[sdk=iphonesimulator*]" = YES;
				"INFOPLIST_KEY_UIApplicationSupportsIndirectInputEvents[sdk=iphoneos*]" = YES;
				"INFOPLIST_KEY_UIApplicationSupportsIndirectInputEvents[sdk=iphonesimulator*]" = YES;
				"INFOPLIST_KEY_UILaunchScreen_Generation[sdk=iphoneos*]" = YES;
				"INFOPLIST_KEY_UILaunchScreen_Generation[sdk=iphonesimulator*]" = YES;
				"INFOPLIST_KEY_UIStatusBarStyle[sdk=iphoneos*]" = UIStatusBarStyleDefault;
				"INFOPLIST_KEY_UIStatusBarStyle[sdk=iphonesimulator*]" = UIStatusBarStyleDefault;
				INFOPLIST_KEY_UISupportedInterfaceOrientations = UIInterfaceOrientationPortrait;
				INFOPLIST_KEY_UISupportedInterfaceOrientations_iPad = "UIInterfaceOrientationLandscapeLeft UIInterfaceOrientationLandscapeRight UIInterfaceOrientationPortrait UIInterfaceOrientationPortraitUpsideDown";
				IPHONEOS_DEPLOYMENT_TARGET = 26.0;
				LD_RUNPATH_SEARCH_PATHS = "@executable_path/Frameworks";
				"LD_RUNPATH_SEARCH_PATHS[sdk=macosx*]" = "@executable_path/../Frameworks";
				MACOSX_DEPLOYMENT_TARGET = 26.0;
				MARKETING_VERSION = 1.0;
				PRODUCT_BUNDLE_IDENTIFIER = br.com.werkstatdg.FinPessoal;
				PRODUCT_NAME = "$(TARGET_NAME)";
				REGISTER_APP_GROUPS = YES;
				SDKROOT = auto;
				STRING_CATALOG_GENERATE_SYMBOLS = YES;
				SUPPORTED_PLATFORMS = "iphoneos iphonesimulator";
				SUPPORTS_MACCATALYST = NO;
				SUPPORTS_MAC_DESIGNED_FOR_IPHONE_IPAD = YES;
				SWIFT_APPROACHABLE_CONCURRENCY = YES;
				SWIFT_DEFAULT_ACTOR_ISOLATION = MainActor;
				SWIFT_EMIT_LOC_STRINGS = YES;
				SWIFT_UPCOMING_FEATURE_MEMBER_IMPORT_VISIBILITY = YES;
				SWIFT_VERSION = 5.0;
				TARGETED_DEVICE_FAMILY = "1,2";
				XROS_DEPLOYMENT_TARGET = 26.0;
			};
			name = Release;
		};
		E1C2B6B22E66550900972780 /* Debug */ = {
			isa = XCBuildConfiguration;
			buildSettings = {
				BUNDLE_LOADER = "$(TEST_HOST)";
				CODE_SIGN_STYLE = Automatic;
				CURRENT_PROJECT_VERSION = 1;
				DEVELOPMENT_TEAM = 4DLN7FPJ74;
				ENABLE_USER_SCRIPT_SANDBOXING = YES;
				GENERATE_INFOPLIST_FILE = YES;
				IPHONEOS_DEPLOYMENT_TARGET = 26.0;
				MARKETING_VERSION = 1.0;
				PRODUCT_BUNDLE_IDENTIFIER = br.com.werkstatdg.FinPessoalTests;
				PRODUCT_NAME = "$(TARGET_NAME)";
				SDKROOT = iphoneos;
				STRING_CATALOG_GENERATE_SYMBOLS = NO;
				SWIFT_APPROACHABLE_CONCURRENCY = YES;
				SWIFT_EMIT_LOC_STRINGS = NO;
				SWIFT_UPCOMING_FEATURE_MEMBER_IMPORT_VISIBILITY = YES;
				SWIFT_VERSION = 5.0;
				TARGETED_DEVICE_FAMILY = "1,2";
				TEST_HOST = "$(BUILT_PRODUCTS_DIR)/FinPessoal.app/$(BUNDLE_EXECUTABLE_FOLDER_PATH)/FinPessoal";
			};
			name = Debug;
		};
		E1C2B6B32E66550900972780 /* Release */ = {
			isa = XCBuildConfiguration;
			buildSettings = {
				BUNDLE_LOADER = "$(TEST_HOST)";
				CODE_SIGN_STYLE = Automatic;
				CURRENT_PROJECT_VERSION = 1;
				DEVELOPMENT_TEAM = 4DLN7FPJ74;
				ENABLE_USER_SCRIPT_SANDBOXING = YES;
				GENERATE_INFOPLIST_FILE = YES;
				IPHONEOS_DEPLOYMENT_TARGET = 26.0;
				MARKETING_VERSION = 1.0;
				PRODUCT_BUNDLE_IDENTIFIER = br.com.werkstatdg.FinPessoalTests;
				PRODUCT_NAME = "$(TARGET_NAME)";
				SDKROOT = iphoneos;
				STRING_CATALOG_GENERATE_SYMBOLS = NO;
				SWIFT_APPROACHABLE_CONCURRENCY = YES;
				SWIFT_EMIT_LOC_STRINGS = NO;
				SWIFT_UPCOMING_FEATURE_MEMBER_IMPORT_VISIBILITY = YES;
				SWIFT_VERSION = 5.0;
				TARGETED_DEVICE_FAMILY = "1,2";
				TEST_HOST = "$(BUILT_PRODUCTS_DIR)/FinPessoal.app/$(BUNDLE_EXECUTABLE_FOLDER_PATH)/FinPessoal";
				VALIDATE_PRODUCT = YES;
			};
			name = Release;
		};
		E1C2B6C12E66553100972780 /* Debug */ = {
			isa = XCBuildConfiguration;
			buildSettings = {
				CODE_SIGN_STYLE = Automatic;
				CURRENT_PROJECT_VERSION = 1;
				DEVELOPMENT_TEAM = 4DLN7FPJ74;
				ENABLE_USER_SCRIPT_SANDBOXING = YES;
				GENERATE_INFOPLIST_FILE = YES;
				IPHONEOS_DEPLOYMENT_TARGET = 26.0;
				MARKETING_VERSION = 1.0;
				PRODUCT_BUNDLE_IDENTIFIER = br.com.werkstatdg.FinPessoalUITests;
				PRODUCT_NAME = "$(TARGET_NAME)";
				SDKROOT = iphoneos;
				STRING_CATALOG_GENERATE_SYMBOLS = NO;
				SWIFT_APPROACHABLE_CONCURRENCY = YES;
				SWIFT_EMIT_LOC_STRINGS = NO;
				SWIFT_UPCOMING_FEATURE_MEMBER_IMPORT_VISIBILITY = YES;
				SWIFT_VERSION = 5.0;
				TARGETED_DEVICE_FAMILY = "1,2";
				TEST_TARGET_NAME = FinPessoal;
			};
			name = Debug;
		};
		E1C2B6C22E66553100972780 /* Release */ = {
			isa = XCBuildConfiguration;
			buildSettings = {
				CODE_SIGN_STYLE = Automatic;
				CURRENT_PROJECT_VERSION = 1;
				DEVELOPMENT_TEAM = 4DLN7FPJ74;
				ENABLE_USER_SCRIPT_SANDBOXING = YES;
				GENERATE_INFOPLIST_FILE = YES;
				IPHONEOS_DEPLOYMENT_TARGET = 26.0;
				MARKETING_VERSION = 1.0;
				PRODUCT_BUNDLE_IDENTIFIER = br.com.werkstatdg.FinPessoalUITests;
				PRODUCT_NAME = "$(TARGET_NAME)";
				SDKROOT = iphoneos;
				STRING_CATALOG_GENERATE_SYMBOLS = NO;
				SWIFT_APPROACHABLE_CONCURRENCY = YES;
				SWIFT_EMIT_LOC_STRINGS = NO;
				SWIFT_UPCOMING_FEATURE_MEMBER_IMPORT_VISIBILITY = YES;
				SWIFT_VERSION = 5.0;
				TARGETED_DEVICE_FAMILY = "1,2";
				TEST_TARGET_NAME = FinPessoal;
				VALIDATE_PRODUCT = YES;
			};
			name = Release;
		};
/* End XCBuildConfiguration section */

/* Begin XCConfigurationList section */
		E15E49922EF1A32B004A2129 /* Build configuration list for PBXNativeTarget "FinPessoalWidgetsExtension" */ = {
			isa = XCConfigurationList;
			buildConfigurations = (
				E15E49902EF1A32B004A2129 /* Debug */,
				E12908852EFC344F00941D80 /* Staging */,
				E15E49912EF1A32B004A2129 /* Release */,
			);
			defaultConfigurationIsVisible = 0;
			defaultConfigurationName = Release;
		};
		E17769782E3E4AFF0028E21B /* Build configuration list for PBXProject "FinPessoal" */ = {
			isa = XCConfigurationList;
			buildConfigurations = (
				E17769862E3E4B010028E21B /* Debug */,
				E12908812EFC344F00941D80 /* Staging */,
				E17769872E3E4B010028E21B /* Release */,
			);
			defaultConfigurationIsVisible = 0;
			defaultConfigurationName = Release;
		};
		E17769882E3E4B010028E21B /* Build configuration list for PBXNativeTarget "FinPessoal" */ = {
			isa = XCConfigurationList;
			buildConfigurations = (
				E17769892E3E4B010028E21B /* Debug */,
				E12908822EFC344F00941D80 /* Staging */,
				E177698A2E3E4B010028E21B /* Release */,
			);
			defaultConfigurationIsVisible = 0;
			defaultConfigurationName = Release;
		};
		E1C2B6B12E66550900972780 /* Build configuration list for PBXNativeTarget "FinPessoalTests" */ = {
			isa = XCConfigurationList;
			buildConfigurations = (
				E1C2B6B22E66550900972780 /* Debug */,
				E12908832EFC344F00941D80 /* Staging */,
				E1C2B6B32E66550900972780 /* Release */,
			);
			defaultConfigurationIsVisible = 0;
			defaultConfigurationName = Release;
		};
		E1C2B6C02E66553100972780 /* Build configuration list for PBXNativeTarget "FinPessoalUITests" */ = {
			isa = XCConfigurationList;
			buildConfigurations = (
				E1C2B6C12E66553100972780 /* Debug */,
				E12908842EFC344F00941D80 /* Staging */,
				E1C2B6C22E66553100972780 /* Release */,
			);
			defaultConfigurationIsVisible = 0;
			defaultConfigurationName = Release;
		};
/* End XCConfigurationList section */

/* Begin XCRemoteSwiftPackageReference section */
		E177698D2E3E4D1D0028E21B /* XCRemoteSwiftPackageReference "firebase-ios-sdk" */ = {
			isa = XCRemoteSwiftPackageReference;
			repositoryURL = "https://github.com/firebase/firebase-ios-sdk";
			requirement = {
				kind = upToNextMajorVersion;
				minimumVersion = 12.0.0;
			};
		};
		E17E72972E3EE128003A7FF0 /* XCRemoteSwiftPackageReference "GoogleSignIn-iOS" */ = {
			isa = XCRemoteSwiftPackageReference;
			repositoryURL = "https://github.com/google/GoogleSignIn-iOS.git";
			requirement = {
				kind = upToNextMajorVersion;
				minimumVersion = 9.0.0;
			};
		};
/* End XCRemoteSwiftPackageReference section */

/* Begin XCSwiftPackageProductDependency section */
		E177698E2E3E4D1D0028E21B /* FirebaseAI */ = {
			isa = XCSwiftPackageProductDependency;
			package = E177698D2E3E4D1D0028E21B /* XCRemoteSwiftPackageReference "firebase-ios-sdk" */;
			productName = FirebaseAI;
		};
		E17769902E3E4D1D0028E21B /* FirebaseAnalytics */ = {
			isa = XCSwiftPackageProductDependency;
			package = E177698D2E3E4D1D0028E21B /* XCRemoteSwiftPackageReference "firebase-ios-sdk" */;
			productName = FirebaseAnalytics;
		};
		E17769922E3E4D1D0028E21B /* FirebaseAnalyticsCore */ = {
			isa = XCSwiftPackageProductDependency;
			package = E177698D2E3E4D1D0028E21B /* XCRemoteSwiftPackageReference "firebase-ios-sdk" */;
			productName = FirebaseAnalyticsCore;
		};
		E17769942E3E4D1D0028E21B /* FirebaseAnalyticsIdentitySupport */ = {
			isa = XCSwiftPackageProductDependency;
			package = E177698D2E3E4D1D0028E21B /* XCRemoteSwiftPackageReference "firebase-ios-sdk" */;
			productName = FirebaseAnalyticsIdentitySupport;
		};
		E17769962E3E4D1D0028E21B /* FirebaseAppCheck */ = {
			isa = XCSwiftPackageProductDependency;
			package = E177698D2E3E4D1D0028E21B /* XCRemoteSwiftPackageReference "firebase-ios-sdk" */;
			productName = FirebaseAppCheck;
		};
		E17769982E3E4D1D0028E21B /* FirebaseAppDistribution-Beta */ = {
			isa = XCSwiftPackageProductDependency;
			package = E177698D2E3E4D1D0028E21B /* XCRemoteSwiftPackageReference "firebase-ios-sdk" */;
			productName = "FirebaseAppDistribution-Beta";
		};
		E177699A2E3E4D1D0028E21B /* FirebaseAuth */ = {
			isa = XCSwiftPackageProductDependency;
			package = E177698D2E3E4D1D0028E21B /* XCRemoteSwiftPackageReference "firebase-ios-sdk" */;
			productName = FirebaseAuth;
		};
		E177699C2E3E4D1D0028E21B /* FirebaseAuthCombine-Community */ = {
			isa = XCSwiftPackageProductDependency;
			package = E177698D2E3E4D1D0028E21B /* XCRemoteSwiftPackageReference "firebase-ios-sdk" */;
			productName = "FirebaseAuthCombine-Community";
		};
		E177699E2E3E4D1D0028E21B /* FirebaseCore */ = {
			isa = XCSwiftPackageProductDependency;
			package = E177698D2E3E4D1D0028E21B /* XCRemoteSwiftPackageReference "firebase-ios-sdk" */;
			productName = FirebaseCore;
		};
		E17769A02E3E4D1D0028E21B /* FirebaseCrashlytics */ = {
			isa = XCSwiftPackageProductDependency;
			package = E177698D2E3E4D1D0028E21B /* XCRemoteSwiftPackageReference "firebase-ios-sdk" */;
			productName = FirebaseCrashlytics;
		};
		E17769A22E3E4D1D0028E21B /* FirebaseDatabase */ = {
			isa = XCSwiftPackageProductDependency;
			package = E177698D2E3E4D1D0028E21B /* XCRemoteSwiftPackageReference "firebase-ios-sdk" */;
			productName = FirebaseDatabase;
		};
		E17769A42E3E4D1D0028E21B /* FirebaseFirestore */ = {
			isa = XCSwiftPackageProductDependency;
			package = E177698D2E3E4D1D0028E21B /* XCRemoteSwiftPackageReference "firebase-ios-sdk" */;
			productName = FirebaseFirestore;
		};
		E17769A62E3E4D1D0028E21B /* FirebaseFirestoreCombine-Community */ = {
			isa = XCSwiftPackageProductDependency;
			package = E177698D2E3E4D1D0028E21B /* XCRemoteSwiftPackageReference "firebase-ios-sdk" */;
			productName = "FirebaseFirestoreCombine-Community";
		};
		E17769A82E3E4D1D0028E21B /* FirebaseFunctions */ = {
			isa = XCSwiftPackageProductDependency;
			package = E177698D2E3E4D1D0028E21B /* XCRemoteSwiftPackageReference "firebase-ios-sdk" */;
			productName = FirebaseFunctions;
		};
		E17769AA2E3E4D1D0028E21B /* FirebaseFunctionsCombine-Community */ = {
			isa = XCSwiftPackageProductDependency;
			package = E177698D2E3E4D1D0028E21B /* XCRemoteSwiftPackageReference "firebase-ios-sdk" */;
			productName = "FirebaseFunctionsCombine-Community";
		};
		E17769AC2E3E4D1D0028E21B /* FirebaseInAppMessaging-Beta */ = {
			isa = XCSwiftPackageProductDependency;
			package = E177698D2E3E4D1D0028E21B /* XCRemoteSwiftPackageReference "firebase-ios-sdk" */;
			productName = "FirebaseInAppMessaging-Beta";
		};
		E17769AE2E3E4D1D0028E21B /* FirebaseInstallations */ = {
			isa = XCSwiftPackageProductDependency;
			package = E177698D2E3E4D1D0028E21B /* XCRemoteSwiftPackageReference "firebase-ios-sdk" */;
			productName = FirebaseInstallations;
		};
		E17769B02E3E4D1D0028E21B /* FirebaseMLModelDownloader */ = {
			isa = XCSwiftPackageProductDependency;
			package = E177698D2E3E4D1D0028E21B /* XCRemoteSwiftPackageReference "firebase-ios-sdk" */;
			productName = FirebaseMLModelDownloader;
		};
		E17769B22E3E4D1D0028E21B /* FirebaseMessaging */ = {
			isa = XCSwiftPackageProductDependency;
			package = E177698D2E3E4D1D0028E21B /* XCRemoteSwiftPackageReference "firebase-ios-sdk" */;
			productName = FirebaseMessaging;
		};
		E17769B42E3E4D1D0028E21B /* FirebasePerformance */ = {
			isa = XCSwiftPackageProductDependency;
			package = E177698D2E3E4D1D0028E21B /* XCRemoteSwiftPackageReference "firebase-ios-sdk" */;
			productName = FirebasePerformance;
		};
		E17769B62E3E4D1D0028E21B /* FirebaseRemoteConfig */ = {
			isa = XCSwiftPackageProductDependency;
			package = E177698D2E3E4D1D0028E21B /* XCRemoteSwiftPackageReference "firebase-ios-sdk" */;
			productName = FirebaseRemoteConfig;
		};
		E17769B82E3E4D1D0028E21B /* FirebaseStorage */ = {
			isa = XCSwiftPackageProductDependency;
			package = E177698D2E3E4D1D0028E21B /* XCRemoteSwiftPackageReference "firebase-ios-sdk" */;
			productName = FirebaseStorage;
		};
		E17769BA2E3E4D1D0028E21B /* FirebaseStorageCombine-Community */ = {
			isa = XCSwiftPackageProductDependency;
			package = E177698D2E3E4D1D0028E21B /* XCRemoteSwiftPackageReference "firebase-ios-sdk" */;
			productName = "FirebaseStorageCombine-Community";
		};
		E17E72982E3EE128003A7FF0 /* GoogleSignIn */ = {
			isa = XCSwiftPackageProductDependency;
			package = E17E72972E3EE128003A7FF0 /* XCRemoteSwiftPackageReference "GoogleSignIn-iOS" */;
			productName = GoogleSignIn;
		};
		E17E729A2E3EE128003A7FF0 /* GoogleSignInSwift */ = {
			isa = XCSwiftPackageProductDependency;
			package = E17E72972E3EE128003A7FF0 /* XCRemoteSwiftPackageReference "GoogleSignIn-iOS" */;
			productName = GoogleSignInSwift;
		};
/* End XCSwiftPackageProductDependency section */
	};
	rootObject = E17769752E3E4AFF0028E21B /* Project object */;
}
